// !$*UTF8*$!
{
	archiveVersion = 1;
	classes = {
	};
	objectVersion = 54;
	objects = {

/* Begin PBXBuildFile section */
		0834E80FAAC8D33455C439C0 /* SecureRandom.m in Sources */ = {isa = PBXBuildFile; fileRef = 8C888314F79203C561BB4CF4 /* SecureRandom.m */; };
		08E4CD4EC9CFDE3F2B1D21A7 /* adhan_naghshbandi.caf in Resources */ = {isa = PBXBuildFile; fileRef = 48AAC76E10CD18CD2ADE11BD /* adhan_naghshbandi.caf */; };
		0C80B921A6F3F58F76C31292 /* libPods-PrayerApp.a in Frameworks */ = {isa = PBXBuildFile; fileRef = 5DCACB8F33CDC322A6C60F78 /* libPods-PrayerApp.a */; };
		0CBF4D0ECDD2AF725FD1CA55 /* PrayerBuildInfo.m in Sources */ = {isa = PBXBuildFile; fileRef = 69FB66EF55272B1AA6A61A69 /* PrayerBuildInfo.m */; };
		136913C83F9D643C7F9813B7 /* NowPlayingState.m in Sources */ = {isa = PBXBuildFile; fileRef = 01D8610D0E362697BDF5D352 /* NowPlayingState.m */; };
		13B07FBF1A68108700A75B9A /* Images.xcassets in Resources */ = {isa = PBXBuildFile; fileRef = 13B07FB51A68108700A75B9A /* Images.xcassets */; };
		21C5696033EE08B870466B16 /* adhan_al_hussaini.caf in Resources */ = {isa = PBXBuildFile; fileRef = 7BB6BBBA364576409D299287 /* adhan_al_hussaini.caf */; };
		221B161884046E5B63F7C3DD /* MihrabKeepAwake.m in Sources */ = {isa = PBXBuildFile; fileRef = FF612DC5FB291B9813A7FC5F /* MihrabKeepAwake.m */; };
		2549C74E44889C749E75E283 /* KeyCommands.m in Sources */ = {isa = PBXBuildFile; fileRef = 163E416F57C9769B16C9F18D /* KeyCommands.m */; };
		29B211ACA24869F8CDC46EF4 /* adhan_sharif_doman.caf in Resources */ = {isa = PBXBuildFile; fileRef = 7B489EDC7485CD1BDA638DC8 /* adhan_sharif_doman.caf */; };
		2A6B7C8D9E0F1A2B3C4D5E60 /* adhan_makkah.caf in Resources */ = {isa = PBXBuildFile; fileRef = 2A6B7C8D9E0F1A2B3C4D5E50 /* adhan_makkah.caf */; };
		2A6B7C8D9E0F1A2B3C4D5E61 /* adhan_madina.caf in Resources */ = {isa = PBXBuildFile; fileRef = 2A6B7C8D9E0F1A2B3C4D5E51 /* adhan_madina.caf */; };
		2A6B7C8D9E0F1A2B3C4D5E62 /* adhan_aqsa.caf in Resources */ = {isa = PBXBuildFile; fileRef = 2A6B7C8D9E0F1A2B3C4D5E52 /* adhan_aqsa.caf */; };
		2A9B8C7D6E5F4A3B2C1D0E9F /* AppVersion.m in Sources */ = {isa = PBXBuildFile; fileRef = 2A9B8C7D6E5F4A3B2C1D0E9E /* AppVersion.m */; };
		2A9B8C7D6E5F4A3B2C1D1A02 /* SystemClock.m in Sources */ = {isa = PBXBuildFile; fileRef = 2A9B8C7D6E5F4A3B2C1D1A01 /* SystemClock.m */; };
		2C5CEB29AC508FCD14DF3B46 /* MushafLine.swift in Sources */ = {isa = PBXBuildFile; fileRef = 0FF43166B10774D1533521FC /* MushafLine.swift */; };
		33D4CD3C7FCC01FC84056305 /* WidgetPayloadV1.swift in Sources */ = {isa = PBXBuildFile; fileRef = 6BDC072298C265946EC98634 /* WidgetPayloadV1.swift */; };
		3B626775B5A7E2F8DC2273EF /* WidgetContract.generated.swift in Sources */ = {isa = PBXBuildFile; fileRef = 96544E1D56A76E31598DEF4D /* WidgetContract.generated.swift */; };
		3E10B52B5B3701C8BFBF573C /* KeyCommands.swift in Sources */ = {isa = PBXBuildFile; fileRef = 4B060F96DE10B3AF6B38D8B2 /* KeyCommands.swift */; };
		41F54867DC3100970FA9932A /* NowPlayingState.swift in Sources */ = {isa = PBXBuildFile; fileRef = D9A8F27786569D47911785CB /* NowPlayingState.swift */; };
		437AD791C98039C8EE2B87EF /* adhan_egypt.caf in Resources */ = {isa = PBXBuildFile; fileRef = C27195F19393889CFB4B2553 /* adhan_egypt.caf */; };
		443F2CB14D90FCE3B9A43123 /* adhan_bakir_bash.caf in Resources */ = {isa = PBXBuildFile; fileRef = B7714F32B411231108636A8C /* adhan_bakir_bash.caf */; };
		487A75EFC746A21D7E0411B2 /* WallClock.swift in Sources */ = {isa = PBXBuildFile; fileRef = 6E8E4C81A93DFA1C5C47E89E /* WallClock.swift */; };
		52E5157C94B284F6DC9D93E2 /* MihrabRotationCover.m in Sources */ = {isa = PBXBuildFile; fileRef = 3724683D47039D24908609B2 /* MihrabRotationCover.m */; };
		63F66A55A4230463C72B2391 /* WidgetContract.generated.swift in Sources */ = {isa = PBXBuildFile; fileRef = 96544E1D56A76E31598DEF4D /* WidgetContract.generated.swift */; };
		692FCEC56749D0D3382EA30A /* MihrabKeepAwake.swift in Sources */ = {isa = PBXBuildFile; fileRef = AB45623C84005143211BE8CC /* MihrabKeepAwake.swift */; };
		6C156AAD7CA5CDB0DEBF466E /* WallClock.swift in Sources */ = {isa = PBXBuildFile; fileRef = 6E8E4C81A93DFA1C5C47E89E /* WallClock.swift */; };
		6F702A22F070F0CB015C3788 /* adhan_abdul_ghaffar.caf in Resources */ = {isa = PBXBuildFile; fileRef = 8A1A56F1FEF3275970746B0F /* adhan_abdul_ghaffar.caf */; };
		730120DC1F8F960B4D9B31BB /* MushafLine.m in Sources */ = {isa = PBXBuildFile; fileRef = 63C29CB4341E0EECC7836179 /* MushafLine.m */; };
		761780ED2CA45674006654EE /* AppDelegate.swift in Sources */ = {isa = PBXBuildFile; fileRef = 761780EC2CA45674006654EE /* AppDelegate.swift */; };
		7B95C61E834EEEF5588B2D91 /* LiveActivityV1.swift in Sources */ = {isa = PBXBuildFile; fileRef = 740F53BC32BAAD6E2D7AC76D /* LiveActivityV1.swift */; };
		7E03A6352BAC52EEBCFDD0A5 /* WidgetPayloadV1.swift in Sources */ = {isa = PBXBuildFile; fileRef = 6BDC072298C265946EC98634 /* WidgetPayloadV1.swift */; };
		7FC53BCA2DAF2CDA273E952E /* LiveActivityV1.swift in Sources */ = {isa = PBXBuildFile; fileRef = 740F53BC32BAAD6E2D7AC76D /* LiveActivityV1.swift */; };
		81AB9BB82411601600AC10FF /* LaunchScreen.storyboard in Resources */ = {isa = PBXBuildFile; fileRef = 81AB9BB72411601600AC10FF /* LaunchScreen.storyboard */; };
		82792D28789AD3A9AD8EA294 /* PrivacyInfo.xcprivacy in Resources */ = {isa = PBXBuildFile; fileRef = 13B07FB81A68108700A75B9A /* PrivacyInfo.xcprivacy */; };
		8335EB755F07A4493C0BCA72 /* adhan_saber.caf in Resources */ = {isa = PBXBuildFile; fileRef = CE9E49272B22B1425383AC48 /* adhan_saber.caf */; };
		83D5A0830BF1AEF2D5F9C666 /* adhan_halab.caf in Resources */ = {isa = PBXBuildFile; fileRef = 3677D65A9EE39814B1FF01A4 /* adhan_halab.caf */; };
		9381D9BABC745CEEC09EF47C /* MihrabAppGroup.m in Sources */ = {isa = PBXBuildFile; fileRef = 5690D5BC679A6B773737566F /* MihrabAppGroup.m */; };
		953C80C94E0CFB27986DBE4E /* SecureRandom.swift in Sources */ = {isa = PBXBuildFile; fileRef = 0AE7C8075017FD04A3E8F05C /* SecureRandom.swift */; };
		9E69A27015C7ED4DEE6162C9 /* adhan_hafez.caf in Resources */ = {isa = PBXBuildFile; fileRef = CB4D857AA2ED576723B598E1 /* adhan_hafez.caf */; };
		A2221144D790FD1729021523 /* MihrabRotationCover.swift in Sources */ = {isa = PBXBuildFile; fileRef = 13C068400FE8DA49D224D1D2 /* MihrabRotationCover.swift */; };
		AA0385239A1984202E9F4870 /* adhan_abdul_hakam.caf in Resources */ = {isa = PBXBuildFile; fileRef = B8EC02874B0A8F91C2E75CCD /* adhan_abdul_hakam.caf */; };
		ADBF0000000000 /* adhan_abdul_basit.mp3 in Resources */ = {isa = PBXBuildFile; fileRef = ADFR0000000000 /* adhan_abdul_basit.mp3 */; };
		ADBF0000000001 /* adhan_abdul_ghaffar.mp3 in Resources */ = {isa = PBXBuildFile; fileRef = ADFR0000000001 /* adhan_abdul_ghaffar.mp3 */; };
		ADBF0000000002 /* adhan_abdul_hakam.mp3 in Resources */ = {isa = PBXBuildFile; fileRef = ADFR0000000002 /* adhan_abdul_hakam.mp3 */; };
		ADBF0000000003 /* adhan_al_hussaini.mp3 in Resources */ = {isa = PBXBuildFile; fileRef = ADFR0000000003 /* adhan_al_hussaini.mp3 */; };
		ADBF0000000004 /* adhan_aqsa.mp3 in Resources */ = {isa = PBXBuildFile; fileRef = ADFR0000000004 /* adhan_aqsa.mp3 */; };
		ADBF0000000005 /* adhan_bakir_bash.mp3 in Resources */ = {isa = PBXBuildFile; fileRef = ADFR0000000005 /* adhan_bakir_bash.mp3 */; };
		ADBF0000000006 /* adhan_egypt.mp3 in Resources */ = {isa = PBXBuildFile; fileRef = ADFR0000000006 /* adhan_egypt.mp3 */; };
		ADBF0000000007 /* adhan_hafez.mp3 in Resources */ = {isa = PBXBuildFile; fileRef = ADFR0000000007 /* adhan_hafez.mp3 */; };
		ADBF0000000008 /* adhan_hafiz_murad.mp3 in Resources */ = {isa = PBXBuildFile; fileRef = ADFR0000000008 /* adhan_hafiz_murad.mp3 */; };
		ADBF0000000009 /* adhan_halab.mp3 in Resources */ = {isa = PBXBuildFile; fileRef = ADFR0000000009 /* adhan_halab.mp3 */; };
		ADBF0000000010 /* adhan_madina.mp3 in Resources */ = {isa = PBXBuildFile; fileRef = ADFR0000000010 /* adhan_madina.mp3 */; };
		ADBF0000000011 /* adhan_makkah.mp3 in Resources */ = {isa = PBXBuildFile; fileRef = ADFR0000000011 /* adhan_makkah.mp3 */; };
		ADBF0000000012 /* adhan_minshawi.mp3 in Resources */ = {isa = PBXBuildFile; fileRef = ADFR0000000012 /* adhan_minshawi.mp3 */; };
		ADBF0000000013 /* adhan_naghshbandi.mp3 in Resources */ = {isa = PBXBuildFile; fileRef = ADFR0000000013 /* adhan_naghshbandi.mp3 */; };
		ADBF0000000014 /* adhan_saber.mp3 in Resources */ = {isa = PBXBuildFile; fileRef = ADFR0000000014 /* adhan_saber.mp3 */; };
		ADBF0000000015 /* adhan_sharif_doman.mp3 in Resources */ = {isa = PBXBuildFile; fileRef = ADFR0000000015 /* adhan_sharif_doman.mp3 */; };
		ADBF0000000016 /* adhan_yusuf_islam.mp3 in Resources */ = {isa = PBXBuildFile; fileRef = ADFR0000000016 /* adhan_yusuf_islam.mp3 */; };
		ADPB0000000000 /* AdhanPlayer.swift in Sources */ = {isa = PBXBuildFile; fileRef = ADPF0000000000 /* AdhanPlayer.swift */; };
		ADPB0000000001 /* AdhanPlayer.m in Sources */ = {isa = PBXBuildFile; fileRef = ADPF0000000001 /* AdhanPlayer.m */; };
		ADPB0000000002 /* CustomAdhan.swift in Sources */ = {isa = PBXBuildFile; fileRef = ADPF0000000002 /* CustomAdhan.swift */; };
		ADPB0000000003 /* CustomAdhan.m in Sources */ = {isa = PBXBuildFile; fileRef = ADPF0000000003 /* CustomAdhan.m */; };
		AFCC85C860A9E992FFA3E2C9 /* adhan_yusuf_islam.caf in Resources */ = {isa = PBXBuildFile; fileRef = 4357D33E0399B5C3770B7AA2 /* adhan_yusuf_islam.caf */; };
		B1C2D3E40001AAAA0001BEEF /* MihrabClipboard.swift in Sources */ = {isa = PBXBuildFile; fileRef = B1C2D3E40003AAAA0003BEEF /* MihrabClipboard.swift */; };
		B1C2D3E40002AAAA0002BEEF /* MihrabClipboard.m in Sources */ = {isa = PBXBuildFile; fileRef = B1C2D3E40004AAAA0004BEEF /* MihrabClipboard.m */; };
		B1C2D3E40005AAAA0005BEEF /* SyncFolder.swift in Sources */ = {isa = PBXBuildFile; fileRef = B1C2D3E40007AAAA0007BEEF /* SyncFolder.swift */; };
		B1C2D3E40006AAAA0006BEEF /* SyncFolder.m in Sources */ = {isa = PBXBuildFile; fileRef = B1C2D3E40008AAAA0008BEEF /* SyncFolder.m */; };
		B1C2D3E40009AAAA0009BEEF /* ScanQr.swift in Sources */ = {isa = PBXBuildFile; fileRef = B1C2D3E4000BAAAA000BBEEF /* ScanQr.swift */; };
		B1C2D3E4000AAAAA000ABEEF /* ScanQr.m in Sources */ = {isa = PBXBuildFile; fileRef = B1C2D3E4000CAAAA000CBEEF /* ScanQr.m */; };
		B5C72EE49F32E58EDF1BC8CA /* adhan_abdul_basit.caf in Resources */ = {isa = PBXBuildFile; fileRef = D5FC0C5A1FDA3B8C9843426D /* adhan_abdul_basit.caf */; };
		BBF3C3E5E6C4DE8AF0C2C7A6 /* CompassModule.m in Sources */ = {isa = PBXBuildFile; fileRef = F4D4DB9CBD682D1BF5562CC3 /* CompassModule.m */; };
		CA37C7F81236A5CF8F759E97 /* Haptics.swift in Sources */ = {isa = PBXBuildFile; fileRef = 60668681401DD7256458E168 /* Haptics.swift */; };
		CC58BCD9D5E598399038FF84 /* WordPlayer.swift in Sources */ = {isa = PBXBuildFile; fileRef = 62AC5ABA33A649A65C3854FF /* WordPlayer.swift */; };
		CD071F0287B88D4CD0A3477F /* WidgetPayloadV1.swift in Sources */ = {isa = PBXBuildFile; fileRef = 6BDC072298C265946EC98634 /* WidgetPayloadV1.swift */; };
		CE1E4BEE25F612B8320B7886 /* adhan_hafiz_murad.caf in Resources */ = {isa = PBXBuildFile; fileRef = 91E97289B5BBE23C693F9B59 /* adhan_hafiz_murad.caf */; };
		D56D0059B561A95DD5755655 /* WordPlayer.m in Sources */ = {isa = PBXBuildFile; fileRef = BA06E43EAA2F2E83EA0854E6 /* WordPlayer.m */; };
		D80631DB29913BA3BE3917AB /* Haptics.m in Sources */ = {isa = PBXBuildFile; fileRef = BFF6595003A4C5C972D2B78B /* Haptics.m */; };
		DF5D2FB480E49268AC15485E /* CompassModule.swift in Sources */ = {isa = PBXBuildFile; fileRef = A62E49C8F92272DF77C323AA /* CompassModule.swift */; };
		E1D2C3B4A5968778695A4B3C5 /* PrayerWidgetExtension.swift in Sources */ = {isa = PBXBuildFile; fileRef = E1D2C3B4A5968778695A4B3C2 /* PrayerWidgetExtension.swift */; };
		E1D2C3B4A5968778695A4B3C6 /* PrayerWidgetExtension.appex in Embed Foundation Extensions */ = {isa = PBXBuildFile; fileRef = E1D2C3B4A5968778695A4B3C1 /* PrayerWidgetExtension.appex */; platformFilters = (ios, maccatalyst, ); settings = {ATTRIBUTES = (RemoveHeadersOnCopy, ); }; };
		E1D2C3B4A5968778695A4B3D5 /* PrivacyInfo.xcprivacy in Resources */ = {isa = PBXBuildFile; fileRef = E1D2C3B4A5968778695A4B3D4 /* PrivacyInfo.xcprivacy */; };
		EA6B2A6659A3E2683A2EC666 /* adhan_minshawi.caf in Resources */ = {isa = PBXBuildFile; fileRef = B1E83AFAF9D33B8EC1391857 /* adhan_minshawi.caf */; };
		F0500B44C8F251035688F33E /* WidgetContract.generated.swift in Sources */ = {isa = PBXBuildFile; fileRef = 96544E1D56A76E31598DEF4D /* WidgetContract.generated.swift */; };
		F1A100003294A1A2E3B4C5D8 /* PrayerWidget.m in Sources */ = {isa = PBXBuildFile; fileRef = F1A100001294A1A2E3B4C5D6 /* PrayerWidget.m */; };
		F1A10000C294A1A2E3B4C5E0 /* WidgetTimelineReloader.swift in Sources */ = {isa = PBXBuildFile; fileRef = F1A10000B294A1A2E3B4C5E0 /* WidgetTimelineReloader.swift */; };
		F1A20000A001B001C001D002 /* PrayerLiveActivityAttributes.swift in Sources */ = {isa = PBXBuildFile; fileRef = F1A20000A001B001C001D001 /* PrayerLiveActivityAttributes.swift */; };
		F1A20000A001B001C001D007 /* PrayerLiveActivity.swift in Sources */ = {isa = PBXBuildFile; fileRef = F1A20000A001B001C001D006 /* PrayerLiveActivity.swift */; };
		F1A20000A001B001C001D009 /* PrayerLiveActivity.m in Sources */ = {isa = PBXBuildFile; fileRef = F1A20000A001B001C001D008 /* PrayerLiveActivity.m */; };
		F2A1000000000006 /* MihrabLiveActivityBundle.swift in Sources */ = {isa = PBXBuildFile; fileRef = F2A1000000000005 /* MihrabLiveActivityBundle.swift */; };
		F2A1000000000007 /* PrayerLiveActivityWidget.swift in Sources */ = {isa = PBXBuildFile; fileRef = F1A20000A001B001C001D004 /* PrayerLiveActivityWidget.swift */; };
		F2A1000000000008 /* PrayerLiveActivityAttributes.swift in Sources */ = {isa = PBXBuildFile; fileRef = F1A20000A001B001C001D001 /* PrayerLiveActivityAttributes.swift */; };
		F2A1000000000012 /* MihrabLiveActivity.appex in Embed Foundation Extensions */ = {isa = PBXBuildFile; fileRef = F2A1000000000001 /* MihrabLiveActivity.appex */; platformFilters = (ios, ); settings = {ATTRIBUTES = (RemoveHeadersOnCopy, ); }; };
		F2A1000000000014 /* PrivacyInfo.xcprivacy in Resources */ = {isa = PBXBuildFile; fileRef = F2A1000000000013 /* PrivacyInfo.xcprivacy */; };
		F2A1000000000021 /* HijriWidget.swift in Sources */ = {isa = PBXBuildFile; fileRef = F2A1000000000020 /* HijriWidget.swift */; };
		F2A1000000000023 /* PracticeGrid.swift in Sources */ = {isa = PBXBuildFile; fileRef = F2A1000000000022 /* PracticeGrid.swift */; };
		F2A1000000000031 /* StreakWidget.swift in Sources */ = {isa = PBXBuildFile; fileRef = F2A1000000000030 /* StreakWidget.swift */; };
		F2A1000000000041 /* ReadingWidget.swift in Sources */ = {isa = PBXBuildFile; fileRef = F2A1000000000040 /* ReadingWidget.swift */; };
		F2A1000000000051 /* WidgetLogQueue.swift in Sources */ = {isa = PBXBuildFile; fileRef = F2A1000000000050 /* WidgetLogQueue.swift */; };
		F2A1000000000061 /* LogTodayWidget.swift in Sources */ = {isa = PBXBuildFile; fileRef = F2A1000000000060 /* LogTodayWidget.swift */; };
		F2A1000000000071 /* TasbihWidget.swift in Sources */ = {isa = PBXBuildFile; fileRef = F2A1000000000070 /* TasbihWidget.swift */; };
		F2A10001000000CC /* Localizable.strings in Resources */ = {isa = PBXBuildFile; fileRef = F2A10001000000AA /* Localizable.strings */; };
		F2A10001000000DD /* Localizable.stringsdict in Resources */ = {isa = PBXBuildFile; fileRef = F2A10001000000BB /* Localizable.stringsdict */; };
		FA11B0071AB0000000000001 /* Amiri-Regular.ttf in Resources */ = {isa = PBXBuildFile; fileRef = FA11B0071AA0000000000001 /* Amiri-Regular.ttf */; };
		FA11B0071AB0000000000002 /* AmiriQuran.ttf in Resources */ = {isa = PBXBuildFile; fileRef = FA11B0071AA0000000000002 /* AmiriQuran.ttf */; };
		FA11B0071AB0000000000003 /* SurahNames.ttf in Resources */ = {isa = PBXBuildFile; fileRef = FA11B0071AA0000000000003 /* SurahNames.ttf */; };
		FA11B0071AB0000000000010 /* quran in Resources */ = {isa = PBXBuildFile; fileRef = FA11B0071AA0000000000010 /* quran */; };
		FA11B0071AC0000000000002 /* RateApp.m in Sources */ = {isa = PBXBuildFile; fileRef = FA11B0071AC0000000000001 /* RateApp.m */; };
		FA22B0071AD0000000000013 /* MushafFont.swift in Sources */ = {isa = PBXBuildFile; fileRef = FA22B0071AD0000000000011 /* MushafFont.swift */; };
		FA22B0071AD0000000000014 /* MushafFont.m in Sources */ = {isa = PBXBuildFile; fileRef = FA22B0071AD0000000000012 /* MushafFont.m */; };
		FABE63D27A73A0AE708840DB /* LiveActivityV1.swift in Sources */ = {isa = PBXBuildFile; fileRef = 740F53BC32BAAD6E2D7AC76D /* LiveActivityV1.swift */; };
		FC36F1E91AF5B74243B9D9A7 /* WallClock.swift in Sources */ = {isa = PBXBuildFile; fileRef = 6E8E4C81A93DFA1C5C47E89E /* WallClock.swift */; };
/* End PBXBuildFile section */

/* Begin PBXContainerItemProxy section */
		E1D2C3B4A5968778695A4B3CC /* PBXContainerItemProxy */ = {
			isa = PBXContainerItemProxy;
			containerPortal = 83CBB9F71A601CBA00E9B192 /* Project object */;
			proxyType = 1;
			remoteGlobalIDString = E1D2C3B4A5968778695A4B3CA;
			remoteInfo = PrayerWidgetExtension;
		};
		F2A1000000000010 /* PBXContainerItemProxy */ = {
			isa = PBXContainerItemProxy;
			containerPortal = 83CBB9F71A601CBA00E9B192 /* Project object */;
			proxyType = 1;
			remoteGlobalIDString = F2A100000000000C;
			remoteInfo = MihrabLiveActivity;
		};
/* End PBXContainerItemProxy section */

/* Begin PBXCopyFilesBuildPhase section */
		E1D2C3B4A5968778695A4B3CB /* Embed Foundation Extensions */ = {
			isa = PBXCopyFilesBuildPhase;
			buildActionMask = 2147483647;
			dstPath = "";
			dstSubfolderSpec = 13;
			files = (
				E1D2C3B4A5968778695A4B3C6 /* PrayerWidgetExtension.appex in Embed Foundation Extensions */,
				F2A1000000000012 /* MihrabLiveActivity.appex in Embed Foundation Extensions */,
			);
			name = "Embed Foundation Extensions";
			runOnlyForDeploymentPostprocessing = 0;
		};
/* End PBXCopyFilesBuildPhase section */

/* Begin PBXFileReference section */
		01D8610D0E362697BDF5D352 /* NowPlayingState.m */ = {isa = PBXFileReference; includeInIndex = 1; lastKnownFileType = sourcecode.c.objc; path = PrayerApp/NowPlayingState.m; sourceTree = "<group>"; };
		0AE7C8075017FD04A3E8F05C /* SecureRandom.swift */ = {isa = PBXFileReference; includeInIndex = 1; lastKnownFileType = sourcecode.swift; name = SecureRandom.swift; path = PrayerApp/SecureRandom.swift; sourceTree = "<group>"; };
		0FF43166B10774D1533521FC /* MushafLine.swift */ = {isa = PBXFileReference; includeInIndex = 1; lastKnownFileType = sourcecode.swift; name = MushafLine.swift; path = PrayerApp/MushafLine.swift; sourceTree = "<group>"; };
		13B07F961A680F5B00A75B9A /* PrayerApp.app */ = {isa = PBXFileReference; explicitFileType = wrapper.application; includeInIndex = 0; path = PrayerApp.app; sourceTree = BUILT_PRODUCTS_DIR; };
		13B07FB51A68108700A75B9A /* Images.xcassets */ = {isa = PBXFileReference; lastKnownFileType = folder.assetcatalog; name = Images.xcassets; path = PrayerApp/Images.xcassets; sourceTree = "<group>"; };
		13B07FB61A68108700A75B9A /* Info.plist */ = {isa = PBXFileReference; fileEncoding = 4; lastKnownFileType = text.plist.xml; name = Info.plist; path = PrayerApp/Info.plist; sourceTree = "<group>"; };
		13B07FB81A68108700A75B9A /* PrivacyInfo.xcprivacy */ = {isa = PBXFileReference; fileEncoding = 4; lastKnownFileType = text.plist.xml; name = PrivacyInfo.xcprivacy; path = PrayerApp/PrivacyInfo.xcprivacy; sourceTree = "<group>"; };
		13C068400FE8DA49D224D1D2 /* MihrabRotationCover.swift */ = {isa = PBXFileReference; includeInIndex = 1; lastKnownFileType = sourcecode.swift; name = MihrabRotationCover.swift; path = PrayerApp/MihrabRotationCover.swift; sourceTree = "<group>"; };
		163E416F57C9769B16C9F18D /* KeyCommands.m */ = {isa = PBXFileReference; includeInIndex = 1; lastKnownFileType = sourcecode.c.objc; path = PrayerApp/KeyCommands.m; sourceTree = "<group>"; };
		2A6B7C8D9E0F1A2B3C4D5E50 /* adhan_makkah.caf */ = {isa = PBXFileReference; lastKnownFileType = "audio.x-caf"; name = adhan_makkah.caf; path = PrayerApp/adhan_makkah.caf; sourceTree = "<group>"; };
		2A6B7C8D9E0F1A2B3C4D5E51 /* adhan_madina.caf */ = {isa = PBXFileReference; lastKnownFileType = "audio.x-caf"; name = adhan_madina.caf; path = PrayerApp/adhan_madina.caf; sourceTree = "<group>"; };
		2A6B7C8D9E0F1A2B3C4D5E52 /* adhan_aqsa.caf */ = {isa = PBXFileReference; lastKnownFileType = "audio.x-caf"; name = adhan_aqsa.caf; path = PrayerApp/adhan_aqsa.caf; sourceTree = "<group>"; };
		2A9B8C7D6E5F4A3B2C1D0E9E /* AppVersion.m */ = {isa = PBXFileReference; lastKnownFileType = sourcecode.c.objc; name = AppVersion.m; path = PrayerApp/AppVersion.m; sourceTree = "<group>"; };
		2A9B8C7D6E5F4A3B2C1D1A01 /* SystemClock.m */ = {isa = PBXFileReference; lastKnownFileType = sourcecode.c.objc; name = SystemClock.m; path = PrayerApp/SystemClock.m; sourceTree = "<group>"; };
		3677D65A9EE39814B1FF01A4 /* adhan_halab.caf */ = {isa = PBXFileReference; lastKnownFileType = "audio.x-caf"; name = adhan_halab.caf; path = PrayerApp/adhan_halab.caf; sourceTree = "<group>"; };
		3724683D47039D24908609B2 /* MihrabRotationCover.m */ = {isa = PBXFileReference; includeInIndex = 1; lastKnownFileType = sourcecode.c.objc; name = MihrabRotationCover.m; path = PrayerApp/MihrabRotationCover.m; sourceTree = "<group>"; };
		3B4392A12AC88292D35C810B /* Pods-PrayerApp.debug.xcconfig */ = {isa = PBXFileReference; includeInIndex = 1; lastKnownFileType = text.xcconfig; name = "Pods-PrayerApp.debug.xcconfig"; path = "Target Support Files/Pods-PrayerApp/Pods-PrayerApp.debug.xcconfig"; sourceTree = "<group>"; };
		4357D33E0399B5C3770B7AA2 /* adhan_yusuf_islam.caf */ = {isa = PBXFileReference; lastKnownFileType = "audio.x-caf"; name = adhan_yusuf_islam.caf; path = PrayerApp/adhan_yusuf_islam.caf; sourceTree = "<group>"; };
		48AAC76E10CD18CD2ADE11BD /* adhan_naghshbandi.caf */ = {isa = PBXFileReference; lastKnownFileType = "audio.x-caf"; name = adhan_naghshbandi.caf; path = PrayerApp/adhan_naghshbandi.caf; sourceTree = "<group>"; };
		4B060F96DE10B3AF6B38D8B2 /* KeyCommands.swift */ = {isa = PBXFileReference; includeInIndex = 1; lastKnownFileType = sourcecode.swift; path = PrayerApp/KeyCommands.swift; sourceTree = "<group>"; };
		5690D5BC679A6B773737566F /* MihrabAppGroup.m */ = {isa = PBXFileReference; includeInIndex = 1; lastKnownFileType = sourcecode.c.objc; name = MihrabAppGroup.m; path = PrayerApp/MihrabAppGroup.m; sourceTree = "<group>"; };
		5709B34CF0A7D63546082F79 /* Pods-PrayerApp.release.xcconfig */ = {isa = PBXFileReference; includeInIndex = 1; lastKnownFileType = text.xcconfig; name = "Pods-PrayerApp.release.xcconfig"; path = "Target Support Files/Pods-PrayerApp/Pods-PrayerApp.release.xcconfig"; sourceTree = "<group>"; };
		5DCACB8F33CDC322A6C60F78 /* libPods-PrayerApp.a */ = {isa = PBXFileReference; explicitFileType = archive.ar; includeInIndex = 0; path = "libPods-PrayerApp.a"; sourceTree = BUILT_PRODUCTS_DIR; };
		60668681401DD7256458E168 /* Haptics.swift */ = {isa = PBXFileReference; includeInIndex = 1; lastKnownFileType = sourcecode.swift; name = Haptics.swift; path = PrayerApp/Haptics.swift; sourceTree = "<group>"; };
		62AC5ABA33A649A65C3854FF /* WordPlayer.swift */ = {isa = PBXFileReference; includeInIndex = 1; lastKnownFileType = sourcecode.swift; name = WordPlayer.swift; path = PrayerApp/WordPlayer.swift; sourceTree = "<group>"; };
		63C29CB4341E0EECC7836179 /* MushafLine.m */ = {isa = PBXFileReference; includeInIndex = 1; lastKnownFileType = sourcecode.c.objc; name = MushafLine.m; path = PrayerApp/MushafLine.m; sourceTree = "<group>"; };
		69FB66EF55272B1AA6A61A69 /* PrayerBuildInfo.m */ = {isa = PBXFileReference; includeInIndex = 1; lastKnownFileType = sourcecode.c.objc; name = PrayerBuildInfo.m; path = PrayerApp/PrayerBuildInfo.m; sourceTree = "<group>"; };
		6BDC072298C265946EC98634 /* WidgetPayloadV1.swift */ = {isa = PBXFileReference; includeInIndex = 1; lastKnownFileType = sourcecode.swift; path = WidgetPayloadV1.swift; sourceTree = "<group>"; };
		6E8E4C81A93DFA1C5C47E89E /* WallClock.swift */ = {isa = PBXFileReference; includeInIndex = 1; lastKnownFileType = sourcecode.swift; path = WallClock.swift; sourceTree = "<group>"; };
		740F53BC32BAAD6E2D7AC76D /* LiveActivityV1.swift */ = {isa = PBXFileReference; includeInIndex = 1; lastKnownFileType = sourcecode.swift; path = LiveActivityV1.swift; sourceTree = "<group>"; };
		761780EC2CA45674006654EE /* AppDelegate.swift */ = {isa = PBXFileReference; lastKnownFileType = sourcecode.swift; name = AppDelegate.swift; path = PrayerApp/AppDelegate.swift; sourceTree = "<group>"; };
		7B489EDC7485CD1BDA638DC8 /* adhan_sharif_doman.caf */ = {isa = PBXFileReference; lastKnownFileType = "audio.x-caf"; name = adhan_sharif_doman.caf; path = PrayerApp/adhan_sharif_doman.caf; sourceTree = "<group>"; };
		7BB6BBBA364576409D299287 /* adhan_al_hussaini.caf */ = {isa = PBXFileReference; lastKnownFileType = "audio.x-caf"; name = adhan_al_hussaini.caf; path = PrayerApp/adhan_al_hussaini.caf; sourceTree = "<group>"; };
		7BBC47479F739320A66C8F1A /* MihrabAppGroup.h */ = {isa = PBXFileReference; includeInIndex = 1; lastKnownFileType = sourcecode.c.h; name = MihrabAppGroup.h; path = PrayerApp/MihrabAppGroup.h; sourceTree = "<group>"; };
		81AB9BB72411601600AC10FF /* LaunchScreen.storyboard */ = {isa = PBXFileReference; fileEncoding = 4; lastKnownFileType = file.storyboard; name = LaunchScreen.storyboard; path = PrayerApp/LaunchScreen.storyboard; sourceTree = "<group>"; };
		8A1A56F1FEF3275970746B0F /* adhan_abdul_ghaffar.caf */ = {isa = PBXFileReference; lastKnownFileType = "audio.x-caf"; name = adhan_abdul_ghaffar.caf; path = PrayerApp/adhan_abdul_ghaffar.caf; sourceTree = "<group>"; };
		8C888314F79203C561BB4CF4 /* SecureRandom.m */ = {isa = PBXFileReference; includeInIndex = 1; lastKnownFileType = sourcecode.c.objc; name = SecureRandom.m; path = PrayerApp/SecureRandom.m; sourceTree = "<group>"; };
		91E97289B5BBE23C693F9B59 /* adhan_hafiz_murad.caf */ = {isa = PBXFileReference; lastKnownFileType = "audio.x-caf"; name = adhan_hafiz_murad.caf; path = PrayerApp/adhan_hafiz_murad.caf; sourceTree = "<group>"; };
		96544E1D56A76E31598DEF4D /* WidgetContract.generated.swift */ = {isa = PBXFileReference; includeInIndex = 1; lastKnownFileType = sourcecode.swift; path = WidgetContract.generated.swift; sourceTree = "<group>"; };
		A62E49C8F92272DF77C323AA /* CompassModule.swift */ = {isa = PBXFileReference; includeInIndex = 1; lastKnownFileType = sourcecode.swift; name = CompassModule.swift; path = PrayerApp/CompassModule.swift; sourceTree = "<group>"; };
		AB45623C84005143211BE8CC /* MihrabKeepAwake.swift */ = {isa = PBXFileReference; includeInIndex = 1; lastKnownFileType = sourcecode.swift; name = MihrabKeepAwake.swift; path = PrayerApp/MihrabKeepAwake.swift; sourceTree = "<group>"; };
		ADFR0000000000 /* adhan_abdul_basit.mp3 */ = {isa = PBXFileReference; lastKnownFileType = audio.mp3; path = PrayerApp/adhan_abdul_basit.mp3; sourceTree = "<group>"; };
		ADFR0000000001 /* adhan_abdul_ghaffar.mp3 */ = {isa = PBXFileReference; lastKnownFileType = audio.mp3; path = PrayerApp/adhan_abdul_ghaffar.mp3; sourceTree = "<group>"; };
		ADFR0000000002 /* adhan_abdul_hakam.mp3 */ = {isa = PBXFileReference; lastKnownFileType = audio.mp3; path = PrayerApp/adhan_abdul_hakam.mp3; sourceTree = "<group>"; };
		ADFR0000000003 /* adhan_al_hussaini.mp3 */ = {isa = PBXFileReference; lastKnownFileType = audio.mp3; path = PrayerApp/adhan_al_hussaini.mp3; sourceTree = "<group>"; };
		ADFR0000000004 /* adhan_aqsa.mp3 */ = {isa = PBXFileReference; lastKnownFileType = audio.mp3; path = PrayerApp/adhan_aqsa.mp3; sourceTree = "<group>"; };
		ADFR0000000005 /* adhan_bakir_bash.mp3 */ = {isa = PBXFileReference; lastKnownFileType = audio.mp3; path = PrayerApp/adhan_bakir_bash.mp3; sourceTree = "<group>"; };
		ADFR0000000006 /* adhan_egypt.mp3 */ = {isa = PBXFileReference; lastKnownFileType = audio.mp3; path = PrayerApp/adhan_egypt.mp3; sourceTree = "<group>"; };
		ADFR0000000007 /* adhan_hafez.mp3 */ = {isa = PBXFileReference; lastKnownFileType = audio.mp3; path = PrayerApp/adhan_hafez.mp3; sourceTree = "<group>"; };
		ADFR0000000008 /* adhan_hafiz_murad.mp3 */ = {isa = PBXFileReference; lastKnownFileType = audio.mp3; path = PrayerApp/adhan_hafiz_murad.mp3; sourceTree = "<group>"; };
		ADFR0000000009 /* adhan_halab.mp3 */ = {isa = PBXFileReference; lastKnownFileType = audio.mp3; path = PrayerApp/adhan_halab.mp3; sourceTree = "<group>"; };
		ADFR0000000010 /* adhan_madina.mp3 */ = {isa = PBXFileReference; lastKnownFileType = audio.mp3; path = PrayerApp/adhan_madina.mp3; sourceTree = "<group>"; };
		ADFR0000000011 /* adhan_makkah.mp3 */ = {isa = PBXFileReference; lastKnownFileType = audio.mp3; path = PrayerApp/adhan_makkah.mp3; sourceTree = "<group>"; };
		ADFR0000000012 /* adhan_minshawi.mp3 */ = {isa = PBXFileReference; lastKnownFileType = audio.mp3; path = PrayerApp/adhan_minshawi.mp3; sourceTree = "<group>"; };
		ADFR0000000013 /* adhan_naghshbandi.mp3 */ = {isa = PBXFileReference; lastKnownFileType = audio.mp3; path = PrayerApp/adhan_naghshbandi.mp3; sourceTree = "<group>"; };
		ADFR0000000014 /* adhan_saber.mp3 */ = {isa = PBXFileReference; lastKnownFileType = audio.mp3; path = PrayerApp/adhan_saber.mp3; sourceTree = "<group>"; };
		ADFR0000000015 /* adhan_sharif_doman.mp3 */ = {isa = PBXFileReference; lastKnownFileType = audio.mp3; path = PrayerApp/adhan_sharif_doman.mp3; sourceTree = "<group>"; };
		ADFR0000000016 /* adhan_yusuf_islam.mp3 */ = {isa = PBXFileReference; lastKnownFileType = audio.mp3; path = PrayerApp/adhan_yusuf_islam.mp3; sourceTree = "<group>"; };
		ADPF0000000000 /* AdhanPlayer.swift */ = {isa = PBXFileReference; lastKnownFileType = sourcecode.swift; path = PrayerApp/AdhanPlayer.swift; sourceTree = "<group>"; };
		ADPF0000000001 /* AdhanPlayer.m */ = {isa = PBXFileReference; lastKnownFileType = sourcecode.c.objc; path = PrayerApp/AdhanPlayer.m; sourceTree = "<group>"; };
		ADPF0000000002 /* CustomAdhan.swift */ = {isa = PBXFileReference; lastKnownFileType = sourcecode.swift; path = PrayerApp/CustomAdhan.swift; sourceTree = "<group>"; };
		ADPF0000000003 /* CustomAdhan.m */ = {isa = PBXFileReference; lastKnownFileType = sourcecode.c.objc; path = PrayerApp/CustomAdhan.m; sourceTree = "<group>"; };
		B1C2D3E40003AAAA0003BEEF /* MihrabClipboard.swift */ = {isa = PBXFileReference; includeInIndex = 1; lastKnownFileType = sourcecode.swift; name = MihrabClipboard.swift; path = PrayerApp/MihrabClipboard.swift; sourceTree = "<group>"; };
		B1C2D3E40004AAAA0004BEEF /* MihrabClipboard.m */ = {isa = PBXFileReference; includeInIndex = 1; lastKnownFileType = sourcecode.c.objc; name = MihrabClipboard.m; path = PrayerApp/MihrabClipboard.m; sourceTree = "<group>"; };
		B1C2D3E40007AAAA0007BEEF /* SyncFolder.swift */ = {isa = PBXFileReference; includeInIndex = 1; lastKnownFileType = sourcecode.swift; name = SyncFolder.swift; path = PrayerApp/SyncFolder.swift; sourceTree = "<group>"; };
		B1C2D3E40008AAAA0008BEEF /* SyncFolder.m */ = {isa = PBXFileReference; includeInIndex = 1; lastKnownFileType = sourcecode.c.objc; name = SyncFolder.m; path = PrayerApp/SyncFolder.m; sourceTree = "<group>"; };
		B1C2D3E4000BAAAA000BBEEF /* ScanQr.swift */ = {isa = PBXFileReference; includeInIndex = 1; lastKnownFileType = sourcecode.swift; name = ScanQr.swift; path = PrayerApp/ScanQr.swift; sourceTree = "<group>"; };
		B1C2D3E4000CAAAA000CBEEF /* ScanQr.m */ = {isa = PBXFileReference; includeInIndex = 1; lastKnownFileType = sourcecode.c.objc; name = ScanQr.m; path = PrayerApp/ScanQr.m; sourceTree = "<group>"; };
		B1E83AFAF9D33B8EC1391857 /* adhan_minshawi.caf */ = {isa = PBXFileReference; lastKnownFileType = "audio.x-caf"; name = adhan_minshawi.caf; path = PrayerApp/adhan_minshawi.caf; sourceTree = "<group>"; };
		B7714F32B411231108636A8C /* adhan_bakir_bash.caf */ = {isa = PBXFileReference; lastKnownFileType = "audio.x-caf"; name = adhan_bakir_bash.caf; path = PrayerApp/adhan_bakir_bash.caf; sourceTree = "<group>"; };
		B8EC02874B0A8F91C2E75CCD /* adhan_abdul_hakam.caf */ = {isa = PBXFileReference; lastKnownFileType = "audio.x-caf"; name = adhan_abdul_hakam.caf; path = PrayerApp/adhan_abdul_hakam.caf; sourceTree = "<group>"; };
		BA06E43EAA2F2E83EA0854E6 /* WordPlayer.m */ = {isa = PBXFileReference; includeInIndex = 1; lastKnownFileType = sourcecode.c.objc; name = WordPlayer.m; path = PrayerApp/WordPlayer.m; sourceTree = "<group>"; };
		BFF6595003A4C5C972D2B78B /* Haptics.m */ = {isa = PBXFileReference; includeInIndex = 1; lastKnownFileType = sourcecode.c.objc; name = Haptics.m; path = PrayerApp/Haptics.m; sourceTree = "<group>"; };
		C27195F19393889CFB4B2553 /* adhan_egypt.caf */ = {isa = PBXFileReference; lastKnownFileType = "audio.x-caf"; name = adhan_egypt.caf; path = PrayerApp/adhan_egypt.caf; sourceTree = "<group>"; };
		CB4D857AA2ED576723B598E1 /* adhan_hafez.caf */ = {isa = PBXFileReference; lastKnownFileType = "audio.x-caf"; name = adhan_hafez.caf; path = PrayerApp/adhan_hafez.caf; sourceTree = "<group>"; };
		CE9E49272B22B1425383AC48 /* adhan_saber.caf */ = {isa = PBXFileReference; lastKnownFileType = "audio.x-caf"; name = adhan_saber.caf; path = PrayerApp/adhan_saber.caf; sourceTree = "<group>"; };
		D5FC0C5A1FDA3B8C9843426D /* adhan_abdul_basit.caf */ = {isa = PBXFileReference; lastKnownFileType = "audio.x-caf"; name = adhan_abdul_basit.caf; path = PrayerApp/adhan_abdul_basit.caf; sourceTree = "<group>"; };
		D9A8F27786569D47911785CB /* NowPlayingState.swift */ = {isa = PBXFileReference; includeInIndex = 1; lastKnownFileType = sourcecode.swift; path = PrayerApp/NowPlayingState.swift; sourceTree = "<group>"; };
		E1D2C3B4A5968778695A4B3C1 /* PrayerWidgetExtension.appex */ = {isa = PBXFileReference; explicitFileType = "wrapper.app-extension"; includeInIndex = 0; path = PrayerWidgetExtension.appex; sourceTree = BUILT_PRODUCTS_DIR; };
		E1D2C3B4A5968778695A4B3C2 /* PrayerWidgetExtension.swift */ = {isa = PBXFileReference; lastKnownFileType = sourcecode.swift; path = PrayerWidgetExtension.swift; sourceTree = "<group>"; };
		E1D2C3B4A5968778695A4B3C3 /* Info.plist */ = {isa = PBXFileReference; lastKnownFileType = text.plist.xml; path = Info.plist; sourceTree = "<group>"; };
		E1D2C3B4A5968778695A4B3C4 /* PrayerWidgetExtension.entitlements */ = {isa = PBXFileReference; lastKnownFileType = text.plist.entitlements; path = PrayerWidgetExtension.entitlements; sourceTree = "<group>"; };
		E1D2C3B4A5968778695A4B3D4 /* PrivacyInfo.xcprivacy */ = {isa = PBXFileReference; lastKnownFileType = text.plist.xml; name = PrivacyInfo.xcprivacy; path = PrivacyInfo.xcprivacy; sourceTree = "<group>"; };
		ED297162215061F000B7C4FE /* JavaScriptCore.framework */ = {isa = PBXFileReference; lastKnownFileType = wrapper.framework; name = JavaScriptCore.framework; path = System/Library/Frameworks/JavaScriptCore.framework; sourceTree = SDKROOT; };
		F1A100001294A1A2E3B4C5D6 /* PrayerWidget.m */ = {isa = PBXFileReference; lastKnownFileType = sourcecode.c.objc; name = PrayerWidget.m; path = PrayerApp/PrayerWidget.m; sourceTree = "<group>"; };
		F1A100002294A1A2E3B4C5D7 /* PrayerApp.entitlements */ = {isa = PBXFileReference; lastKnownFileType = text.plist.entitlements; name = PrayerApp.entitlements; path = PrayerApp/PrayerApp.entitlements; sourceTree = "<group>"; };
		F1A10000B294A1A2E3B4C5E0 /* WidgetTimelineReloader.swift */ = {isa = PBXFileReference; lastKnownFileType = sourcecode.swift; name = WidgetTimelineReloader.swift; path = PrayerApp/WidgetTimelineReloader.swift; sourceTree = "<group>"; };
		F1A20000A001B001C001D001 /* PrayerLiveActivityAttributes.swift */ = {isa = PBXFileReference; lastKnownFileType = sourcecode.swift; path = PrayerLiveActivityAttributes.swift; sourceTree = "<group>"; };
		F1A20000A001B001C001D004 /* PrayerLiveActivityWidget.swift */ = {isa = PBXFileReference; lastKnownFileType = sourcecode.swift; path = PrayerLiveActivityWidget.swift; sourceTree = "<group>"; };
		F1A20000A001B001C001D006 /* PrayerLiveActivity.swift */ = {isa = PBXFileReference; lastKnownFileType = sourcecode.swift; name = PrayerLiveActivity.swift; path = PrayerApp/PrayerLiveActivity.swift; sourceTree = "<group>"; };
		F1A20000A001B001C001D008 /* PrayerLiveActivity.m */ = {isa = PBXFileReference; lastKnownFileType = sourcecode.c.objc; name = PrayerLiveActivity.m; path = PrayerApp/PrayerLiveActivity.m; sourceTree = "<group>"; };
		F2A1000000000001 /* MihrabLiveActivity.appex */ = {isa = PBXFileReference; explicitFileType = "wrapper.app-extension"; includeInIndex = 0; path = MihrabLiveActivity.appex; sourceTree = BUILT_PRODUCTS_DIR; };
		F2A1000000000003 /* Info.plist */ = {isa = PBXFileReference; lastKnownFileType = text.plist.xml; path = Info.plist; sourceTree = "<group>"; };
		F2A1000000000004 /* MihrabLiveActivity.entitlements */ = {isa = PBXFileReference; lastKnownFileType = text.plist.entitlements; path = MihrabLiveActivity.entitlements; sourceTree = "<group>"; };
		F2A1000000000005 /* MihrabLiveActivityBundle.swift */ = {isa = PBXFileReference; lastKnownFileType = sourcecode.swift; path = MihrabLiveActivityBundle.swift; sourceTree = "<group>"; };
		F2A1000000000013 /* PrivacyInfo.xcprivacy */ = {isa = PBXFileReference; lastKnownFileType = text.plist.xml; path = PrivacyInfo.xcprivacy; sourceTree = "<group>"; };
		F2A1000000000020 /* HijriWidget.swift */ = {isa = PBXFileReference; lastKnownFileType = sourcecode.swift; path = HijriWidget.swift; sourceTree = "<group>"; };
		F2A1000000000022 /* PracticeGrid.swift */ = {isa = PBXFileReference; lastKnownFileType = sourcecode.swift; path = PracticeGrid.swift; sourceTree = "<group>"; };
		F2A1000000000030 /* StreakWidget.swift */ = {isa = PBXFileReference; lastKnownFileType = sourcecode.swift; path = StreakWidget.swift; sourceTree = "<group>"; };
		F2A1000000000040 /* ReadingWidget.swift */ = {isa = PBXFileReference; lastKnownFileType = sourcecode.swift; path = ReadingWidget.swift; sourceTree = "<group>"; };
		F2A1000000000050 /* WidgetLogQueue.swift */ = {isa = PBXFileReference; lastKnownFileType = sourcecode.swift; path = WidgetLogQueue.swift; sourceTree = "<group>"; };
		F2A1000000000060 /* LogTodayWidget.swift */ = {isa = PBXFileReference; lastKnownFileType = sourcecode.swift; path = LogTodayWidget.swift; sourceTree = "<group>"; };
		F2A1000000000070 /* TasbihWidget.swift */ = {isa = PBXFileReference; lastKnownFileType = sourcecode.swift; path = TasbihWidget.swift; sourceTree = "<group>"; };
		F2A100020000001 /* en */ = {isa = PBXFileReference; lastKnownFileType = text.plist.strings; name = en; path = en.lproj/Localizable.strings; sourceTree = "<group>"; };
		F2A100020010001 /* ar */ = {isa = PBXFileReference; lastKnownFileType = text.plist.strings; name = ar; path = ar.lproj/Localizable.strings; sourceTree = "<group>"; };
		F2A100020020001 /* bn */ = {isa = PBXFileReference; lastKnownFileType = text.plist.strings; name = bn; path = bn.lproj/Localizable.strings; sourceTree = "<group>"; };
		F2A100020030001 /* de */ = {isa = PBXFileReference; lastKnownFileType = text.plist.strings; name = de; path = de.lproj/Localizable.strings; sourceTree = "<group>"; };
		F2A100020040001 /* es */ = {isa = PBXFileReference; lastKnownFileType = text.plist.strings; name = es; path = es.lproj/Localizable.strings; sourceTree = "<group>"; };
		F2A100020050001 /* fr */ = {isa = PBXFileReference; lastKnownFileType = text.plist.strings; name = fr; path = fr.lproj/Localizable.strings; sourceTree = "<group>"; };
		F2A100020060001 /* hi */ = {isa = PBXFileReference; lastKnownFileType = text.plist.strings; name = hi; path = hi.lproj/Localizable.strings; sourceTree = "<group>"; };
		F2A100020070001 /* id */ = {isa = PBXFileReference; lastKnownFileType = text.plist.strings; name = id; path = id.lproj/Localizable.strings; sourceTree = "<group>"; };
		F2A100020080001 /* ru */ = {isa = PBXFileReference; lastKnownFileType = text.plist.strings; name = ru; path = ru.lproj/Localizable.strings; sourceTree = "<group>"; };
		F2A100020090001 /* sv */ = {isa = PBXFileReference; lastKnownFileType = text.plist.strings; name = sv; path = sv.lproj/Localizable.strings; sourceTree = "<group>"; };
		F2A100020100001 /* tr */ = {isa = PBXFileReference; lastKnownFileType = text.plist.strings; name = tr; path = tr.lproj/Localizable.strings; sourceTree = "<group>"; };
		F2A100020110001 /* ur */ = {isa = PBXFileReference; lastKnownFileType = text.plist.strings; name = ur; path = ur.lproj/Localizable.strings; sourceTree = "<group>"; };
		F2A100020120001 /* zh-Hans */ = {isa = PBXFileReference; lastKnownFileType = text.plist.strings; name = "zh-Hans"; path = "zh-Hans.lproj/Localizable.strings"; sourceTree = "<group>"; };
   F2A100020130001 /* uk-UA */ = {isa = PBXFileReference; lastKnownFileType = text.plist.strings; name = "uk-UA"; path = "uk-UA.lproj/Localizable.strings"; sourceTree = "<group>"; };
		F2A100030000001 /* en */ = {isa = PBXFileReference; lastKnownFileType = text.plist.stringsdict; name = en; path = en.lproj/Localizable.stringsdict; sourceTree = "<group>"; };
		F2A100030010001 /* ar */ = {isa = PBXFileReference; lastKnownFileType = text.plist.stringsdict; name = ar; path = ar.lproj/Localizable.stringsdict; sourceTree = "<group>"; };
		F2A100030020001 /* bn */ = {isa = PBXFileReference; lastKnownFileType = text.plist.stringsdict; name = bn; path = bn.lproj/Localizable.stringsdict; sourceTree = "<group>"; };
		F2A100030030001 /* de */ = {isa = PBXFileReference; lastKnownFileType = text.plist.stringsdict; name = de; path = de.lproj/Localizable.stringsdict; sourceTree = "<group>"; };
		F2A100030040001 /* es */ = {isa = PBXFileReference; lastKnownFileType = text.plist.stringsdict; name = es; path = es.lproj/Localizable.stringsdict; sourceTree = "<group>"; };
		F2A100030050001 /* fr */ = {isa = PBXFileReference; lastKnownFileType = text.plist.stringsdict; name = fr; path = fr.lproj/Localizable.stringsdict; sourceTree = "<group>"; };
		F2A100030060001 /* hi */ = {isa = PBXFileReference; lastKnownFileType = text.plist.stringsdict; name = hi; path = hi.lproj/Localizable.stringsdict; sourceTree = "<group>"; };
		F2A100030070001 /* id */ = {isa = PBXFileReference; lastKnownFileType = text.plist.stringsdict; name = id; path = id.lproj/Localizable.stringsdict; sourceTree = "<group>"; };
		F2A100030080001 /* ru */ = {isa = PBXFileReference; lastKnownFileType = text.plist.stringsdict; name = ru; path = ru.lproj/Localizable.stringsdict; sourceTree = "<group>"; };
		F2A100030090001 /* sv */ = {isa = PBXFileReference; lastKnownFileType = text.plist.stringsdict; name = sv; path = sv.lproj/Localizable.stringsdict; sourceTree = "<group>"; };
		F2A100030100001 /* tr */ = {isa = PBXFileReference; lastKnownFileType = text.plist.stringsdict; name = tr; path = tr.lproj/Localizable.stringsdict; sourceTree = "<group>"; };
		F2A100030110001 /* ur */ = {isa = PBXFileReference; lastKnownFileType = text.plist.stringsdict; name = ur; path = ur.lproj/Localizable.stringsdict; sourceTree = "<group>"; };
		F2A100030120001 /* zh-Hans */ = {isa = PBXFileReference; lastKnownFileType = text.plist.stringsdict; name = "zh-Hans"; path = "zh-Hans.lproj/Localizable.stringsdict"; sourceTree = "<group>"; };
   F2A100030130001 /* uk-UA */ = {isa = PBXFileReference; lastKnownFileType = text.plist.stringsdict; name = "uk-UA"; path = "uk-UA.lproj/Localizable.stringsdict"; sourceTree = "<group>"; };
		F4D4DB9CBD682D1BF5562CC3 /* CompassModule.m */ = {isa = PBXFileReference; includeInIndex = 1; lastKnownFileType = sourcecode.c.objc; name = CompassModule.m; path = PrayerApp/CompassModule.m; sourceTree = "<group>"; };
		FA11B0071AA0000000000001 /* Amiri-Regular.ttf */ = {isa = PBXFileReference; lastKnownFileType = file; name = "Amiri-Regular.ttf"; path = "PrayerApp/Resources/fonts/Amiri-Regular.ttf"; sourceTree = "<group>"; };
		FA11B0071AA0000000000002 /* AmiriQuran.ttf */ = {isa = PBXFileReference; lastKnownFileType = file; name = AmiriQuran.ttf; path = PrayerApp/Resources/fonts/AmiriQuran.ttf; sourceTree = "<group>"; };
		FA11B0071AA0000000000003 /* SurahNames.ttf */ = {isa = PBXFileReference; lastKnownFileType = file; name = SurahNames.ttf; path = PrayerApp/Resources/fonts/SurahNames.ttf; sourceTree = "<group>"; };
		FA11B0071AA0000000000010 /* quran */ = {isa = PBXFileReference; lastKnownFileType = folder; name = quran; path = ../assets/quran; sourceTree = "<group>"; };
		FA11B0071AC0000000000001 /* RateApp.m */ = {isa = PBXFileReference; lastKnownFileType = sourcecode.c.objc; name = RateApp.m; path = PrayerApp/RateApp.m; sourceTree = "<group>"; };
		FA22B0071AD0000000000011 /* MushafFont.swift */ = {isa = PBXFileReference; includeInIndex = 1; lastKnownFileType = sourcecode.swift; name = MushafFont.swift; path = PrayerApp/MushafFont.swift; sourceTree = "<group>"; };
		FA22B0071AD0000000000012 /* MushafFont.m */ = {isa = PBXFileReference; includeInIndex = 1; lastKnownFileType = sourcecode.c.objc; name = MushafFont.m; path = PrayerApp/MushafFont.m; sourceTree = "<group>"; };
		FF612DC5FB291B9813A7FC5F /* MihrabKeepAwake.m */ = {isa = PBXFileReference; includeInIndex = 1; lastKnownFileType = sourcecode.c.objc; name = MihrabKeepAwake.m; path = PrayerApp/MihrabKeepAwake.m; sourceTree = "<group>"; };
/* End PBXFileReference section */

/* Begin PBXFrameworksBuildPhase section */
		13B07F8C1A680F5B00A75B9A /* Frameworks */ = {
			isa = PBXFrameworksBuildPhase;
			buildActionMask = 2147483647;
			files = (
				0C80B921A6F3F58F76C31292 /* libPods-PrayerApp.a in Frameworks */,
			);
			runOnlyForDeploymentPostprocessing = 0;
		};
		E1D2C3B4A5968778695A4B3C8 /* Frameworks */ = {
			isa = PBXFrameworksBuildPhase;
			buildActionMask = 2147483647;
			files = (
			);
			runOnlyForDeploymentPostprocessing = 0;
		};
		F2A100000000000A /* Frameworks */ = {
			isa = PBXFrameworksBuildPhase;
			buildActionMask = 2147483647;
			files = (
			);
			runOnlyForDeploymentPostprocessing = 0;
		};
/* End PBXFrameworksBuildPhase section */

/* Begin PBXGroup section */
		13B07FAE1A68108700A75B9A /* PrayerApp */ = {
			isa = PBXGroup;
			children = (
				FA11B0071AA0000000000001 /* Amiri-Regular.ttf */,
				FA11B0071AA0000000000010 /* quran */,
				FA11B0071AA0000000000002 /* AmiriQuran.ttf */,
				FA11B0071AA0000000000003 /* SurahNames.ttf */,
				13B07FB51A68108700A75B9A /* Images.xcassets */,
				2A9B8C7D6E5F4A3B2C1D0E9E /* AppVersion.m */,
				2A9B8C7D6E5F4A3B2C1D1A01 /* SystemClock.m */,
				FA11B0071AC0000000000001 /* RateApp.m */,
				2A6B7C8D9E0F1A2B3C4D5E50 /* adhan_makkah.caf */,
				ADFR0000000000 /* adhan_abdul_basit.mp3 */,
				ADFR0000000001 /* adhan_abdul_ghaffar.mp3 */,
				ADFR0000000002 /* adhan_abdul_hakam.mp3 */,
				ADFR0000000003 /* adhan_al_hussaini.mp3 */,
				ADFR0000000004 /* adhan_aqsa.mp3 */,
				ADFR0000000005 /* adhan_bakir_bash.mp3 */,
				ADFR0000000006 /* adhan_egypt.mp3 */,
				ADFR0000000007 /* adhan_hafez.mp3 */,
				ADFR0000000008 /* adhan_hafiz_murad.mp3 */,
				ADFR0000000009 /* adhan_halab.mp3 */,
				ADFR0000000010 /* adhan_madina.mp3 */,
				ADFR0000000011 /* adhan_makkah.mp3 */,
				ADFR0000000012 /* adhan_minshawi.mp3 */,
				ADFR0000000013 /* adhan_naghshbandi.mp3 */,
				ADFR0000000014 /* adhan_saber.mp3 */,
				ADFR0000000015 /* adhan_sharif_doman.mp3 */,
				ADFR0000000016 /* adhan_yusuf_islam.mp3 */,
				2A6B7C8D9E0F1A2B3C4D5E51 /* adhan_madina.caf */,
				2A6B7C8D9E0F1A2B3C4D5E52 /* adhan_aqsa.caf */,
				D5FC0C5A1FDA3B8C9843426D /* adhan_abdul_basit.caf */,
				8A1A56F1FEF3275970746B0F /* adhan_abdul_ghaffar.caf */,
				B8EC02874B0A8F91C2E75CCD /* adhan_abdul_hakam.caf */,
				C27195F19393889CFB4B2553 /* adhan_egypt.caf */,
				3677D65A9EE39814B1FF01A4 /* adhan_halab.caf */,
				7BB6BBBA364576409D299287 /* adhan_al_hussaini.caf */,
				B7714F32B411231108636A8C /* adhan_bakir_bash.caf */,
				CB4D857AA2ED576723B598E1 /* adhan_hafez.caf */,
				91E97289B5BBE23C693F9B59 /* adhan_hafiz_murad.caf */,
				B1E83AFAF9D33B8EC1391857 /* adhan_minshawi.caf */,
				48AAC76E10CD18CD2ADE11BD /* adhan_naghshbandi.caf */,
				CE9E49272B22B1425383AC48 /* adhan_saber.caf */,
				7B489EDC7485CD1BDA638DC8 /* adhan_sharif_doman.caf */,
				4357D33E0399B5C3770B7AA2 /* adhan_yusuf_islam.caf */,
				761780EC2CA45674006654EE /* AppDelegate.swift */,
				F1A10000B294A1A2E3B4C5E0 /* WidgetTimelineReloader.swift */,
				F1A100001294A1A2E3B4C5D6 /* PrayerWidget.m */,
				F1A100002294A1A2E3B4C5D7 /* PrayerApp.entitlements */,
				13B07FB61A68108700A75B9A /* Info.plist */,
				81AB9BB72411601600AC10FF /* LaunchScreen.storyboard */,
				13B07FB81A68108700A75B9A /* PrivacyInfo.xcprivacy */,
				A62E49C8F92272DF77C323AA /* CompassModule.swift */,
				FA22B0071AD0000000000011 /* MushafFont.swift */,
				FA22B0071AD0000000000012 /* MushafFont.m */,
				ADPF0000000000 /* AdhanPlayer.swift */,
				ADPF0000000001 /* AdhanPlayer.m */,
				ADPF0000000002 /* CustomAdhan.swift */,
				ADPF0000000003 /* CustomAdhan.m */,
				F4D4DB9CBD682D1BF5562CC3 /* CompassModule.m */,
				F1A20000A001B001C001D006 /* PrayerLiveActivity.swift */,
				F1A20000A001B001C001D008 /* PrayerLiveActivity.m */,
				0AE7C8075017FD04A3E8F05C /* SecureRandom.swift */,
				8C888314F79203C561BB4CF4 /* SecureRandom.m */,
				B1C2D3E40003AAAA0003BEEF /* MihrabClipboard.swift */,
				B1C2D3E40004AAAA0004BEEF /* MihrabClipboard.m */,
				B1C2D3E40007AAAA0007BEEF /* SyncFolder.swift */,
				B1C2D3E40008AAAA0008BEEF /* SyncFolder.m */,
				B1C2D3E4000BAAAA000BBEEF /* ScanQr.swift */,
				B1C2D3E4000CAAAA000CBEEF /* ScanQr.m */,
				60668681401DD7256458E168 /* Haptics.swift */,
				BFF6595003A4C5C972D2B78B /* Haptics.m */,
				7BBC47479F739320A66C8F1A /* MihrabAppGroup.h */,
				5690D5BC679A6B773737566F /* MihrabAppGroup.m */,
				69FB66EF55272B1AA6A61A69 /* PrayerBuildInfo.m */,
				4B060F96DE10B3AF6B38D8B2 /* KeyCommands.swift */,
				163E416F57C9769B16C9F18D /* KeyCommands.m */,
				D9A8F27786569D47911785CB /* NowPlayingState.swift */,
				01D8610D0E362697BDF5D352 /* NowPlayingState.m */,
				AB45623C84005143211BE8CC /* MihrabKeepAwake.swift */,
				FF612DC5FB291B9813A7FC5F /* MihrabKeepAwake.m */,
				62AC5ABA33A649A65C3854FF /* WordPlayer.swift */,
				BA06E43EAA2F2E83EA0854E6 /* WordPlayer.m */,
				0FF43166B10774D1533521FC /* MushafLine.swift */,
				63C29CB4341E0EECC7836179 /* MushafLine.m */,
				13C068400FE8DA49D224D1D2 /* MihrabRotationCover.swift */,
				3724683D47039D24908609B2 /* MihrabRotationCover.m */,
			);
			name = PrayerApp;
			sourceTree = "<group>";
		};
		2D16E6871FA4F8E400B85C8A /* Frameworks */ = {
			isa = PBXGroup;
			children = (
				ED297162215061F000B7C4FE /* JavaScriptCore.framework */,
				5DCACB8F33CDC322A6C60F78 /* libPods-PrayerApp.a */,
			);
			name = Frameworks;
			sourceTree = "<group>";
		};
		2F04220557DCC616580DE6F4 /* Contract */ = {
			isa = PBXGroup;
			children = (
				96544E1D56A76E31598DEF4D /* WidgetContract.generated.swift */,
				6E8E4C81A93DFA1C5C47E89E /* WallClock.swift */,
				6BDC072298C265946EC98634 /* WidgetPayloadV1.swift */,
				740F53BC32BAAD6E2D7AC76D /* LiveActivityV1.swift */,
			);
			name = Contract;
			path = Contract;
			sourceTree = "<group>";
		};
		832341AE1AAA6A7D00B99B32 /* Libraries */ = {
			isa = PBXGroup;
			children = (
			);
			name = Libraries;
			sourceTree = "<group>";
		};
		83CBB9F61A601CBA00E9B192 = {
			isa = PBXGroup;
			children = (
				13B07FAE1A68108700A75B9A /* PrayerApp */,
				E1D2C3B4A5968778695A4B3D1 /* PrayerWidgetExtension */,
				F2A1000000000002 /* MihrabLiveActivity */,
				832341AE1AAA6A7D00B99B32 /* Libraries */,
				83CBBA001A601CBA00E9B192 /* Products */,
				2D16E6871FA4F8E400B85C8A /* Frameworks */,
				BBD78D7AC51CEA395F1C20DB /* Pods */,
				2F04220557DCC616580DE6F4 /* Contract */,
			);
			indentWidth = 2;
			sourceTree = "<group>";
			tabWidth = 2;
			usesTabs = 0;
		};
		83CBBA001A601CBA00E9B192 /* Products */ = {
			isa = PBXGroup;
			children = (
				13B07F961A680F5B00A75B9A /* PrayerApp.app */,
				E1D2C3B4A5968778695A4B3C1 /* PrayerWidgetExtension.appex */,
				F2A1000000000001 /* MihrabLiveActivity.appex */,
			);
			name = Products;
			sourceTree = "<group>";
		};
		BBD78D7AC51CEA395F1C20DB /* Pods */ = {
			isa = PBXGroup;
			children = (
				3B4392A12AC88292D35C810B /* Pods-PrayerApp.debug.xcconfig */,
				5709B34CF0A7D63546082F79 /* Pods-PrayerApp.release.xcconfig */,
			);
			path = Pods;
			sourceTree = "<group>";
		};
		E1D2C3B4A5968778695A4B3D1 /* PrayerWidgetExtension */ = {
			isa = PBXGroup;
			children = (
				E1D2C3B4A5968778695A4B3C2 /* PrayerWidgetExtension.swift */,
				F2A1000000000020 /* HijriWidget.swift */,
				F2A1000000000030 /* StreakWidget.swift */,
				F2A1000000000040 /* ReadingWidget.swift */,
				F2A1000000000060 /* LogTodayWidget.swift */,
				F2A1000000000070 /* TasbihWidget.swift */,
				F2A1000000000050 /* WidgetLogQueue.swift */,
				F2A1000000000022 /* PracticeGrid.swift */,
				E1D2C3B4A5968778695A4B3C3 /* Info.plist */,
				E1D2C3B4A5968778695A4B3C4 /* PrayerWidgetExtension.entitlements */,
				E1D2C3B4A5968778695A4B3D4 /* PrivacyInfo.xcprivacy */,
				F2A10001000000AA /* Localizable.strings */,
				F2A10001000000BB /* Localizable.stringsdict */,
			);
			path = PrayerWidgetExtension;
			sourceTree = "<group>";
		};
		F2A1000000000002 /* MihrabLiveActivity */ = {
			isa = PBXGroup;
			children = (
				F2A1000000000005 /* MihrabLiveActivityBundle.swift */,
				F1A20000A001B001C001D004 /* PrayerLiveActivityWidget.swift */,
				F1A20000A001B001C001D001 /* PrayerLiveActivityAttributes.swift */,
				F2A1000000000003 /* Info.plist */,
				F2A1000000000004 /* MihrabLiveActivity.entitlements */,
				F2A1000000000013 /* PrivacyInfo.xcprivacy */,
			);
			path = MihrabLiveActivity;
			sourceTree = "<group>";
		};
/* End PBXGroup section */

/* Begin PBXNativeTarget section */
		13B07F861A680F5B00A75B9A /* PrayerApp */ = {
			isa = PBXNativeTarget;
			buildConfigurationList = 13B07F931A680F5B00A75B9A /* Build configuration list for PBXNativeTarget "PrayerApp" */;
			buildPhases = (
				C38B50BA6285516D6DCD4F65 /* [CP] Check Pods Manifest.lock */,
				13B07F871A680F5B00A75B9A /* Sources */,
				13B07F8C1A680F5B00A75B9A /* Frameworks */,
				13B07F8E1A680F5B00A75B9A /* Resources */,
				E1D2C3B4A5968778695A4B3CB /* Embed Foundation Extensions */,
				00DD1BFF1BD5951E006B06BC /* Bundle React Native code and images */,
				00EEFC60759A1932668264C0 /* [CP] Embed Pods Frameworks */,
				E235C05ADACE081382539298 /* [CP] Copy Pods Resources */,
			);
			buildRules = (
			);
			dependencies = (
				E1D2C3B4A5968778695A4B3CD /* PBXTargetDependency */,
				F2A1000000000011 /* PBXTargetDependency */,
			);
			name = PrayerApp;
			productName = PrayerApp;
			productReference = 13B07F961A680F5B00A75B9A /* PrayerApp.app */;
			productType = "com.apple.product-type.application";
		};
		E1D2C3B4A5968778695A4B3CA /* PrayerWidgetExtension */ = {
			isa = PBXNativeTarget;
			buildConfigurationList = E1D2C3B4A5968778695A4B3D0 /* Build configuration list for PBXNativeTarget "PrayerWidgetExtension" */;
			buildPhases = (
				E1D2C3B4A5968778695A4B3C7 /* Sources */,
				E1D2C3B4A5968778695A4B3C8 /* Frameworks */,
				E1D2C3B4A5968778695A4B3C9 /* Resources */,
			);
			buildRules = (
			);
			dependencies = (
			);
			name = PrayerWidgetExtension;
			productName = PrayerWidgetExtension;
			productReference = E1D2C3B4A5968778695A4B3C1 /* PrayerWidgetExtension.appex */;
			productType = "com.apple.product-type.app-extension";
		};
		F2A100000000000C /* MihrabLiveActivity */ = {
			isa = PBXNativeTarget;
			buildConfigurationList = F2A100000000000F /* Build configuration list for PBXNativeTarget "MihrabLiveActivity" */;
			buildPhases = (
				F2A1000000000009 /* Sources */,
				F2A100000000000A /* Frameworks */,
				F2A100000000000B /* Resources */,
			);
			buildRules = (
			);
			dependencies = (
			);
			name = MihrabLiveActivity;
			productName = MihrabLiveActivity;
			productReference = F2A1000000000001 /* MihrabLiveActivity.appex */;
			productType = "com.apple.product-type.app-extension";
		};
/* End PBXNativeTarget section */

/* Begin PBXProject section */
		83CBB9F71A601CBA00E9B192 /* Project object */ = {
			isa = PBXProject;
			attributes = {
				LastUpgradeCheck = 1210;
				TargetAttributes = {
					13B07F861A680F5B00A75B9A = {
						LastSwiftMigration = 1120;
					};
					E1D2C3B4A5968778695A4B3CA = {
						CreatedOnToolsVersion = 15.0;
					};
					F2A100000000000C = {
						CreatedOnToolsVersion = 15.0;
					};
				};
			};
			buildConfigurationList = 83CBB9FA1A601CBA00E9B192 /* Build configuration list for PBXProject "PrayerApp" */;
			compatibilityVersion = "Xcode 12.0";
			developmentRegion = en;
			hasScannedForEncodings = 0;
			knownRegions = (
				en,
				Base,
				ar,
				bn,
				de,
				es,
				fr,
				hi,
				id,
				ru,
				sv,
				tr,
				ur,
				"zh-Hans",
			);
			mainGroup = 83CBB9F61A601CBA00E9B192;
			productRefGroup = 83CBBA001A601CBA00E9B192 /* Products */;
			projectDirPath = "";
			projectRoot = "";
			targets = (
				13B07F861A680F5B00A75B9A /* PrayerApp */,
				E1D2C3B4A5968778695A4B3CA /* PrayerWidgetExtension */,
				F2A100000000000C /* MihrabLiveActivity */,
			);
		};
/* End PBXProject section */

/* Begin PBXResourcesBuildPhase section */
		13B07F8E1A680F5B00A75B9A /* Resources */ = {
			isa = PBXResourcesBuildPhase;
			buildActionMask = 2147483647;
			files = (
				FA11B0071AB0000000000001 /* Amiri-Regular.ttf in Resources */,
				FA11B0071AB0000000000010 /* quran in Resources */,
				FA11B0071AB0000000000002 /* AmiriQuran.ttf in Resources */,
				FA11B0071AB0000000000003 /* SurahNames.ttf in Resources */,
				81AB9BB82411601600AC10FF /* LaunchScreen.storyboard in Resources */,
				13B07FBF1A68108700A75B9A /* Images.xcassets in Resources */,
				2A6B7C8D9E0F1A2B3C4D5E60 /* adhan_makkah.caf in Resources */,
				ADBF0000000000 /* adhan_abdul_basit.mp3 in Resources */,
				ADBF0000000001 /* adhan_abdul_ghaffar.mp3 in Resources */,
				ADBF0000000002 /* adhan_abdul_hakam.mp3 in Resources */,
				ADBF0000000003 /* adhan_al_hussaini.mp3 in Resources */,
				ADBF0000000004 /* adhan_aqsa.mp3 in Resources */,
				ADBF0000000005 /* adhan_bakir_bash.mp3 in Resources */,
				ADBF0000000006 /* adhan_egypt.mp3 in Resources */,
				ADBF0000000007 /* adhan_hafez.mp3 in Resources */,
				ADBF0000000008 /* adhan_hafiz_murad.mp3 in Resources */,
				ADBF0000000009 /* adhan_halab.mp3 in Resources */,
				ADBF0000000010 /* adhan_madina.mp3 in Resources */,
				ADBF0000000011 /* adhan_makkah.mp3 in Resources */,
				ADBF0000000012 /* adhan_minshawi.mp3 in Resources */,
				ADBF0000000013 /* adhan_naghshbandi.mp3 in Resources */,
				ADBF0000000014 /* adhan_saber.mp3 in Resources */,
				ADBF0000000015 /* adhan_sharif_doman.mp3 in Resources */,
				ADBF0000000016 /* adhan_yusuf_islam.mp3 in Resources */,
				2A6B7C8D9E0F1A2B3C4D5E61 /* adhan_madina.caf in Resources */,
				2A6B7C8D9E0F1A2B3C4D5E62 /* adhan_aqsa.caf in Resources */,
				B5C72EE49F32E58EDF1BC8CA /* adhan_abdul_basit.caf in Resources */,
				6F702A22F070F0CB015C3788 /* adhan_abdul_ghaffar.caf in Resources */,
				AA0385239A1984202E9F4870 /* adhan_abdul_hakam.caf in Resources */,
				437AD791C98039C8EE2B87EF /* adhan_egypt.caf in Resources */,
				83D5A0830BF1AEF2D5F9C666 /* adhan_halab.caf in Resources */,
				21C5696033EE08B870466B16 /* adhan_al_hussaini.caf in Resources */,
				443F2CB14D90FCE3B9A43123 /* adhan_bakir_bash.caf in Resources */,
				9E69A27015C7ED4DEE6162C9 /* adhan_hafez.caf in Resources */,
				CE1E4BEE25F612B8320B7886 /* adhan_hafiz_murad.caf in Resources */,
				EA6B2A6659A3E2683A2EC666 /* adhan_minshawi.caf in Resources */,
				08E4CD4EC9CFDE3F2B1D21A7 /* adhan_naghshbandi.caf in Resources */,
				8335EB755F07A4493C0BCA72 /* adhan_saber.caf in Resources */,
				29B211ACA24869F8CDC46EF4 /* adhan_sharif_doman.caf in Resources */,
				AFCC85C860A9E992FFA3E2C9 /* adhan_yusuf_islam.caf in Resources */,
				82792D28789AD3A9AD8EA294 /* PrivacyInfo.xcprivacy in Resources */,
			);
			runOnlyForDeploymentPostprocessing = 0;
		};
		E1D2C3B4A5968778695A4B3C9 /* Resources */ = {
			isa = PBXResourcesBuildPhase;
			buildActionMask = 2147483647;
			files = (
				E1D2C3B4A5968778695A4B3D5 /* PrivacyInfo.xcprivacy in Resources */,
				F2A10001000000CC /* Localizable.strings in Resources */,
				F2A10001000000DD /* Localizable.stringsdict in Resources */,
			);
			runOnlyForDeploymentPostprocessing = 0;
		};
		F2A100000000000B /* Resources */ = {
			isa = PBXResourcesBuildPhase;
			buildActionMask = 2147483647;
			files = (
				F2A1000000000014 /* PrivacyInfo.xcprivacy in Resources */,
			);
			runOnlyForDeploymentPostprocessing = 0;
		};
/* End PBXResourcesBuildPhase section */

/* Begin PBXShellScriptBuildPhase section */
		00DD1BFF1BD5951E006B06BC /* Bundle React Native code and images */ = {
			isa = PBXShellScriptBuildPhase;
			buildActionMask = 2147483647;
			files = (
			);
			inputPaths = (
				"$(SRCROOT)/.xcode.env.local",
				"$(SRCROOT)/.xcode.env",
			);
			name = "Bundle React Native code and images";
			outputPaths = (
			);
			runOnlyForDeploymentPostprocessing = 0;
			shellPath = /bin/sh;
			shellScript = "set -e\n\nWITH_ENVIRONMENT=\"$REACT_NATIVE_PATH/scripts/xcode/with-environment.sh\"\nREACT_NATIVE_XCODE=\"$REACT_NATIVE_PATH/scripts/react-native-xcode.sh\"\n\n/bin/sh -c \"\\\"$WITH_ENVIRONMENT\\\" \\\"$REACT_NATIVE_XCODE\\\"\"\n";
		};
		00EEFC60759A1932668264C0 /* [CP] Embed Pods Frameworks */ = {
			isa = PBXShellScriptBuildPhase;
			buildActionMask = 2147483647;
			files = (
			);
			inputFileListPaths = (
				"${PODS_ROOT}/Target Support Files/Pods-PrayerApp/Pods-PrayerApp-frameworks-${CONFIGURATION}-input-files.xcfilelist",
			);
			name = "[CP] Embed Pods Frameworks";
			outputFileListPaths = (
				"${PODS_ROOT}/Target Support Files/Pods-PrayerApp/Pods-PrayerApp-frameworks-${CONFIGURATION}-output-files.xcfilelist",
			);
			runOnlyForDeploymentPostprocessing = 0;
			shellPath = /bin/sh;
			shellScript = "\"${PODS_ROOT}/Target Support Files/Pods-PrayerApp/Pods-PrayerApp-frameworks.sh\"\n";
			showEnvVarsInLog = 0;
		};
		C38B50BA6285516D6DCD4F65 /* [CP] Check Pods Manifest.lock */ = {
			isa = PBXShellScriptBuildPhase;
			buildActionMask = 2147483647;
			files = (
			);
			inputFileListPaths = (
			);
			inputPaths = (
				"${PODS_PODFILE_DIR_PATH}/Podfile.lock",
				"${PODS_ROOT}/Manifest.lock",
			);
			name = "[CP] Check Pods Manifest.lock";
			outputFileListPaths = (
			);
			outputPaths = (
				"$(DERIVED_FILE_DIR)/Pods-PrayerApp-checkManifestLockResult.txt",
			);
			runOnlyForDeploymentPostprocessing = 0;
			shellPath = /bin/sh;
			shellScript = "diff \"${PODS_PODFILE_DIR_PATH}/Podfile.lock\" \"${PODS_ROOT}/Manifest.lock\" > /dev/null\nif [ $? != 0 ] ; then\n    # print error to STDERR\n    echo \"error: The sandbox is not in sync with the Podfile.lock. Run 'pod install' or update your CocoaPods installation.\" >&2\n    exit 1\nfi\n# This output is used by Xcode 'outputs' to avoid re-running this script phase.\necho \"SUCCESS\" > \"${SCRIPT_OUTPUT_FILE_0}\"\n";
			showEnvVarsInLog = 0;
		};
		E235C05ADACE081382539298 /* [CP] Copy Pods Resources */ = {
			isa = PBXShellScriptBuildPhase;
			buildActionMask = 2147483647;
			files = (
			);
			inputFileListPaths = (
				"${PODS_ROOT}/Target Support Files/Pods-PrayerApp/Pods-PrayerApp-resources-${CONFIGURATION}-input-files.xcfilelist",
			);
			name = "[CP] Copy Pods Resources";
			outputFileListPaths = (
				"${PODS_ROOT}/Target Support Files/Pods-PrayerApp/Pods-PrayerApp-resources-${CONFIGURATION}-output-files.xcfilelist",
			);
			runOnlyForDeploymentPostprocessing = 0;
			shellPath = /bin/sh;
			shellScript = "\"${PODS_ROOT}/Target Support Files/Pods-PrayerApp/Pods-PrayerApp-resources.sh\"\n";
			showEnvVarsInLog = 0;
		};
/* End PBXShellScriptBuildPhase section */

/* Begin PBXSourcesBuildPhase section */
		13B07F871A680F5B00A75B9A /* Sources */ = {
			isa = PBXSourcesBuildPhase;
			buildActionMask = 2147483647;
			files = (
				2A9B8C7D6E5F4A3B2C1D0E9F /* AppVersion.m in Sources */,
				2A9B8C7D6E5F4A3B2C1D1A02 /* SystemClock.m in Sources */,
				FA11B0071AC0000000000002 /* RateApp.m in Sources */,
				761780ED2CA45674006654EE /* AppDelegate.swift in Sources */,
				F1A10000C294A1A2E3B4C5E0 /* WidgetTimelineReloader.swift in Sources */,
				F1A100003294A1A2E3B4C5D8 /* PrayerWidget.m in Sources */,
				DF5D2FB480E49268AC15485E /* CompassModule.swift in Sources */,
				FA22B0071AD0000000000013 /* MushafFont.swift in Sources */,
				FA22B0071AD0000000000014 /* MushafFont.m in Sources */,
				ADPB0000000000 /* AdhanPlayer.swift in Sources */,
				ADPB0000000001 /* AdhanPlayer.m in Sources */,
				ADPB0000000002 /* CustomAdhan.swift in Sources */,
				ADPB0000000003 /* CustomAdhan.m in Sources */,
				BBF3C3E5E6C4DE8AF0C2C7A6 /* CompassModule.m in Sources */,
				F1A20000A001B001C001D007 /* PrayerLiveActivity.swift in Sources */,
				F1A20000A001B001C001D009 /* PrayerLiveActivity.m in Sources */,
				F1A20000A001B001C001D002 /* PrayerLiveActivityAttributes.swift in Sources */,
				953C80C94E0CFB27986DBE4E /* SecureRandom.swift in Sources */,
				0834E80FAAC8D33455C439C0 /* SecureRandom.m in Sources */,
				B1C2D3E40001AAAA0001BEEF /* MihrabClipboard.swift in Sources */,
				B1C2D3E40002AAAA0002BEEF /* MihrabClipboard.m in Sources */,
				B1C2D3E40005AAAA0005BEEF /* SyncFolder.swift in Sources */,
				B1C2D3E40006AAAA0006BEEF /* SyncFolder.m in Sources */,
				B1C2D3E40009AAAA0009BEEF /* ScanQr.swift in Sources */,
				B1C2D3E4000AAAAA000ABEEF /* ScanQr.m in Sources */,
				CA37C7F81236A5CF8F759E97 /* Haptics.swift in Sources */,
				D80631DB29913BA3BE3917AB /* Haptics.m in Sources */,
				9381D9BABC745CEEC09EF47C /* MihrabAppGroup.m in Sources */,
				0CBF4D0ECDD2AF725FD1CA55 /* PrayerBuildInfo.m in Sources */,
				3E10B52B5B3701C8BFBF573C /* KeyCommands.swift in Sources */,
				2549C74E44889C749E75E283 /* KeyCommands.m in Sources */,
				41F54867DC3100970FA9932A /* NowPlayingState.swift in Sources */,
				136913C83F9D643C7F9813B7 /* NowPlayingState.m in Sources */,
				692FCEC56749D0D3382EA30A /* MihrabKeepAwake.swift in Sources */,
				221B161884046E5B63F7C3DD /* MihrabKeepAwake.m in Sources */,
				CC58BCD9D5E598399038FF84 /* WordPlayer.swift in Sources */,
				D56D0059B561A95DD5755655 /* WordPlayer.m in Sources */,
				2C5CEB29AC508FCD14DF3B46 /* MushafLine.swift in Sources */,
				730120DC1F8F960B4D9B31BB /* MushafLine.m in Sources */,
				A2221144D790FD1729021523 /* MihrabRotationCover.swift in Sources */,
				52E5157C94B284F6DC9D93E2 /* MihrabRotationCover.m in Sources */,
				63F66A55A4230463C72B2391 /* WidgetContract.generated.swift in Sources */,
				6C156AAD7CA5CDB0DEBF466E /* WallClock.swift in Sources */,
				CD071F0287B88D4CD0A3477F /* WidgetPayloadV1.swift in Sources */,
				FABE63D27A73A0AE708840DB /* LiveActivityV1.swift in Sources */,
			);
			runOnlyForDeploymentPostprocessing = 0;
		};
		E1D2C3B4A5968778695A4B3C7 /* Sources */ = {
			isa = PBXSourcesBuildPhase;
			buildActionMask = 2147483647;
			files = (
				E1D2C3B4A5968778695A4B3C5 /* PrayerWidgetExtension.swift in Sources */,
				F2A1000000000021 /* HijriWidget.swift in Sources */,
				F2A1000000000031 /* StreakWidget.swift in Sources */,
				F2A1000000000041 /* ReadingWidget.swift in Sources */,
				F2A1000000000061 /* LogTodayWidget.swift in Sources */,
				F2A1000000000071 /* TasbihWidget.swift in Sources */,
				F2A1000000000051 /* WidgetLogQueue.swift in Sources */,
				F2A1000000000023 /* PracticeGrid.swift in Sources */,
				3B626775B5A7E2F8DC2273EF /* WidgetContract.generated.swift in Sources */,
				FC36F1E91AF5B74243B9D9A7 /* WallClock.swift in Sources */,
				7E03A6352BAC52EEBCFDD0A5 /* WidgetPayloadV1.swift in Sources */,
				7B95C61E834EEEF5588B2D91 /* LiveActivityV1.swift in Sources */,
			);
			runOnlyForDeploymentPostprocessing = 0;
		};
		F2A1000000000009 /* Sources */ = {
			isa = PBXSourcesBuildPhase;
			buildActionMask = 2147483647;
			files = (
				F2A1000000000006 /* MihrabLiveActivityBundle.swift in Sources */,
				F2A1000000000007 /* PrayerLiveActivityWidget.swift in Sources */,
				F2A1000000000008 /* PrayerLiveActivityAttributes.swift in Sources */,
				F0500B44C8F251035688F33E /* WidgetContract.generated.swift in Sources */,
				487A75EFC746A21D7E0411B2 /* WallClock.swift in Sources */,
				33D4CD3C7FCC01FC84056305 /* WidgetPayloadV1.swift in Sources */,
				7FC53BCA2DAF2CDA273E952E /* LiveActivityV1.swift in Sources */,
			);
			runOnlyForDeploymentPostprocessing = 0;
		};
/* End PBXSourcesBuildPhase section */

/* Begin PBXTargetDependency section */
		E1D2C3B4A5968778695A4B3CD /* PBXTargetDependency */ = {
			isa = PBXTargetDependency;
			platformFilters = (
				ios,
				maccatalyst,
			);
			target = E1D2C3B4A5968778695A4B3CA /* PrayerWidgetExtension */;
			targetProxy = E1D2C3B4A5968778695A4B3CC /* PBXContainerItemProxy */;
		};
		F2A1000000000011 /* PBXTargetDependency */ = {
			isa = PBXTargetDependency;
			platformFilters = (
				ios,
			);
			target = F2A100000000000C /* MihrabLiveActivity */;
			targetProxy = F2A1000000000010 /* PBXContainerItemProxy */;
		};
/* End PBXTargetDependency section */

/* Begin PBXVariantGroup section */
		F2A10001000000AA /* Localizable.strings */ = {
			isa = PBXVariantGroup;
			children = (
				F2A100020000001 /* en */,
				F2A100020010001 /* ar */,
				F2A100020020001 /* bn */,
				F2A100020030001 /* de */,
				F2A100020040001 /* es */,
				F2A100020050001 /* fr */,
				F2A100020060001 /* hi */,
				F2A100020070001 /* id */,
				F2A100020080001 /* ru */,
				F2A100020090001 /* sv */,
				F2A100020100001 /* tr */,
				F2A100020110001 /* ur */,
				F2A100020120001 /* zh-Hans */,
			);
			name = Localizable.strings;
			sourceTree = "<group>";
		};
		F2A10001000000BB /* Localizable.stringsdict */ = {
			isa = PBXVariantGroup;
			children = (
				F2A100030000001 /* en */,
				F2A100030010001 /* ar */,
				F2A100030020001 /* bn */,
				F2A100030030001 /* de */,
				F2A100030040001 /* es */,
				F2A100030050001 /* fr */,
				F2A100030060001 /* hi */,
				F2A100030070001 /* id */,
				F2A100030080001 /* ru */,
				F2A100030090001 /* sv */,
				F2A100030100001 /* tr */,
				F2A100030110001 /* ur */,
				F2A100030120001 /* zh-Hans */,
			);
			name = Localizable.stringsdict;
			sourceTree = "<group>";
		};
/* End PBXVariantGroup section */

/* Begin XCBuildConfiguration section */
		13B07F941A680F5B00A75B9A /* Debug */ = {
			isa = XCBuildConfiguration;
			baseConfigurationReference = 3B4392A12AC88292D35C810B /* Pods-PrayerApp.debug.xcconfig */;
			buildSettings = {
				ASSETCATALOG_COMPILER_APPICON_NAME = AppIcon;
				CLANG_ENABLE_EXPLICIT_MODULES = NO;
				CLANG_ENABLE_MODULES = YES;
				CODE_SIGN_ENTITLEMENTS = PrayerApp/PrayerApp.entitlements;
				CODE_SIGN_STYLE = Automatic;
				CURRENT_PROJECT_VERSION = 282;
				DEAD_CODE_STRIPPING = YES;
				DERIVE_MACCATALYST_PRODUCT_BUNDLE_IDENTIFIER = YES;
				DEVELOPMENT_TEAM = GAW23HT439;
				ENABLE_BITCODE = NO;
				INFOPLIST_FILE = PrayerApp/Info.plist;
				INFOPLIST_KEY_CFBundleDisplayName = Mihrab;
				IPHONEOS_DEPLOYMENT_TARGET = 15.1;
				"IPHONEOS_DEPLOYMENT_TARGET[sdk=macosx*]" = 15.2;
				LD_RUNPATH_SEARCH_PATHS = (
					"$(inherited)",
					"@executable_path/Frameworks",
				);
				LIBRARY_SEARCH_PATHS = (
					"$(SDKROOT)/usr/lib/swift",
					"$(SDKROOT)/System/iOSSupport/usr/lib/swift",
					"$(inherited)",
				);
				"LIBRARY_SEARCH_PATHS[sdk=macosx*]" = (
					"$(SDKROOT)/usr/lib/swift",
					"$(SDKROOT)/System/iOSSupport/usr/lib/swift",
					"$(inherited)",
				);
				MARKETING_VERSION = 2.27.1;
				OTHER_LDFLAGS = (
					"$(inherited)",
					"-ObjC",
					"-lc++",
				);
				PRESERVE_DEAD_CODE_INITS_AND_TERMS = YES;
				PRODUCT_BUNDLE_IDENTIFIER = com.hassan.prayerapp;
				PRODUCT_NAME = PrayerApp;
				SUPPORTS_MACCATALYST = YES;
				SWIFT_ENABLE_EXPLICIT_MODULES = NO;
				SWIFT_OPTIMIZATION_LEVEL = "-Onone";
				SWIFT_VERSION = 5.0;
				TARGETED_DEVICE_FAMILY = "1,2";
				VERSIONING_SYSTEM = "apple-generic";
			};
			name = Debug;
		};
		13B07F951A680F5B00A75B9A /* Release */ = {
			isa = XCBuildConfiguration;
			baseConfigurationReference = 5709B34CF0A7D63546082F79 /* Pods-PrayerApp.release.xcconfig */;
			buildSettings = {
				ASSETCATALOG_COMPILER_APPICON_NAME = AppIcon;
				CLANG_ENABLE_EXPLICIT_MODULES = NO;
				CLANG_ENABLE_MODULES = YES;
				CODE_SIGN_ENTITLEMENTS = PrayerApp/PrayerApp.entitlements;
				CODE_SIGN_STYLE = Automatic;
				CURRENT_PROJECT_VERSION = 282;
				DEAD_CODE_STRIPPING = YES;
				DERIVE_MACCATALYST_PRODUCT_BUNDLE_IDENTIFIER = YES;
				DEVELOPMENT_TEAM = GAW23HT439;
				INFOPLIST_FILE = PrayerApp/Info.plist;
				INFOPLIST_KEY_CFBundleDisplayName = Mihrab;
				IPHONEOS_DEPLOYMENT_TARGET = 15.1;
				"IPHONEOS_DEPLOYMENT_TARGET[sdk=macosx*]" = 15.2;
				LD_RUNPATH_SEARCH_PATHS = (
					"$(inherited)",
					"@executable_path/Frameworks",
				);
				LIBRARY_SEARCH_PATHS = (
					"$(SDKROOT)/usr/lib/swift",
					"$(SDKROOT)/System/iOSSupport/usr/lib/swift",
					"$(inherited)",
				);
				"LIBRARY_SEARCH_PATHS[sdk=macosx*]" = (
					"$(SDKROOT)/usr/lib/swift",
					"$(SDKROOT)/System/iOSSupport/usr/lib/swift",
					"$(inherited)",
				);
				MARKETING_VERSION = 2.27.1;
				OTHER_LDFLAGS = (
					"$(inherited)",
					"-ObjC",
					"-lc++",
				);
				PRESERVE_DEAD_CODE_INITS_AND_TERMS = YES;
				PRODUCT_BUNDLE_IDENTIFIER = com.hassan.prayerapp;
				PRODUCT_NAME = PrayerApp;
				SUPPORTS_MACCATALYST = YES;
				SWIFT_ENABLE_EXPLICIT_MODULES = NO;
				SWIFT_VERSION = 5.0;
				TARGETED_DEVICE_FAMILY = "1,2";
				VERSIONING_SYSTEM = "apple-generic";
			};
			name = Release;
		};
		83CBBA201A601CBA00E9B192 /* Debug */ = {
			isa = XCBuildConfiguration;
			buildSettings = {
				ALWAYS_SEARCH_USER_PATHS = NO;
				CLANG_ANALYZER_LOCALIZABILITY_NONLOCALIZED = YES;
				CLANG_CXX_LANGUAGE_STANDARD = "c++20";
				CLANG_CXX_LIBRARY = "libc++";
				CLANG_ENABLE_MODULES = YES;
				CLANG_ENABLE_OBJC_ARC = YES;
				CLANG_WARN_BLOCK_CAPTURE_AUTORELEASING = YES;
				CLANG_WARN_BOOL_CONVERSION = YES;
				CLANG_WARN_COMMA = YES;
				CLANG_WARN_CONSTANT_CONVERSION = YES;
				CLANG_WARN_DEPRECATED_OBJC_IMPLEMENTATIONS = YES;
				CLANG_WARN_DIRECT_OBJC_ISA_USAGE = YES_ERROR;
				CLANG_WARN_EMPTY_BODY = YES;
				CLANG_WARN_ENUM_CONVERSION = YES;
				CLANG_WARN_INFINITE_RECURSION = YES;
				CLANG_WARN_INT_CONVERSION = YES;
				CLANG_WARN_NON_LITERAL_NULL_CONVERSION = YES;
				CLANG_WARN_OBJC_IMPLICIT_RETAIN_SELF = YES;
				CLANG_WARN_OBJC_LITERAL_CONVERSION = YES;
				CLANG_WARN_OBJC_ROOT_CLASS = YES_ERROR;
				CLANG_WARN_QUOTED_INCLUDE_IN_FRAMEWORK_HEADER = YES;
				CLANG_WARN_RANGE_LOOP_ANALYSIS = YES;
				CLANG_WARN_STRICT_PROTOTYPES = YES;
				CLANG_WARN_SUSPICIOUS_MOVE = YES;
				CLANG_WARN_UNREACHABLE_CODE = YES;
				CLANG_WARN__DUPLICATE_METHOD_MATCH = YES;
				COPY_PHASE_STRIP = NO;
				DISABLE_MANUAL_TARGET_ORDER_BUILD_WARNING = YES;
				ENABLE_STRICT_OBJC_MSGSEND = YES;
				ENABLE_TESTABILITY = YES;
				"EXCLUDED_ARCHS[sdk=iphonesimulator*]" = "";
				GCC_C_LANGUAGE_STANDARD = gnu99;
				GCC_DYNAMIC_NO_PIC = NO;
				GCC_NO_COMMON_BLOCKS = YES;
				GCC_OPTIMIZATION_LEVEL = 0;
				GCC_PREPROCESSOR_DEFINITIONS = (
					"DEBUG=1",
					"$(inherited)",
				);
				GCC_SYMBOLS_PRIVATE_EXTERN = NO;
				GCC_WARN_64_TO_32_BIT_CONVERSION = YES;
				GCC_WARN_ABOUT_RETURN_TYPE = YES_ERROR;
				GCC_WARN_UNDECLARED_SELECTOR = YES;
				GCC_WARN_UNINITIALIZED_AUTOS = YES_AGGRESSIVE;
				GCC_WARN_UNUSED_FUNCTION = YES;
				GCC_WARN_UNUSED_VARIABLE = YES;
				IPHONEOS_DEPLOYMENT_TARGET = 15.1;
				"IPHONEOS_DEPLOYMENT_TARGET[sdk=macosx*]" = 15.2;
				LD_RUNPATH_SEARCH_PATHS = (
					/usr/lib/swift,
					"$(inherited)",
				);
				LIBRARY_SEARCH_PATHS = (
					"\"$(SDKROOT)/usr/lib/swift\"",
					"\"$(TOOLCHAIN_DIR)/usr/lib/swift/$(PLATFORM_NAME)\"",
					"\"$(inherited)\"",
				);
				MTL_ENABLE_DEBUG_INFO = YES;
				ONLY_ACTIVE_ARCH = YES;
				OTHER_CFLAGS = (
					"$(inherited)",
					"-DRCT_REMOVE_LEGACY_ARCH=1",
				);
				OTHER_CPLUSPLUSFLAGS = (
					"$(OTHER_CFLAGS)",
					"-DFOLLY_NO_CONFIG",
					"-DFOLLY_MOBILE=1",
					"-DFOLLY_USE_LIBCPP=1",
					"-DFOLLY_CFG_NO_COROUTINES=1",
					"-DFOLLY_HAVE_CLOCK_GETTIME=1",
					"-DRCT_REMOVE_LEGACY_ARCH=1",
				);
				PODFILE_DIR = "$(SRCROOT)";
				REACT_NATIVE_PATH = "${PODS_ROOT}/../../node_modules/react-native";
				SDKROOT = iphoneos;
				SWIFT_ACTIVE_COMPILATION_CONDITIONS = "$(inherited) DEBUG";
				SWIFT_ENABLE_EXPLICIT_MODULES = NO;
				USE_HERMES = true;
			};
			name = Debug;
		};
		83CBBA211A601CBA00E9B192 /* Release */ = {
			isa = XCBuildConfiguration;
			buildSettings = {
				ALWAYS_SEARCH_USER_PATHS = NO;
				CLANG_ANALYZER_LOCALIZABILITY_NONLOCALIZED = YES;
				CLANG_CXX_LANGUAGE_STANDARD = "c++20";
				CLANG_CXX_LIBRARY = "libc++";
				CLANG_ENABLE_MODULES = YES;
				CLANG_ENABLE_OBJC_ARC = YES;
				CLANG_WARN_BLOCK_CAPTURE_AUTORELEASING = YES;
				CLANG_WARN_BOOL_CONVERSION = YES;
				CLANG_WARN_COMMA = YES;
				CLANG_WARN_CONSTANT_CONVERSION = YES;
				CLANG_WARN_DEPRECATED_OBJC_IMPLEMENTATIONS = YES;
				CLANG_WARN_DIRECT_OBJC_ISA_USAGE = YES_ERROR;
				CLANG_WARN_EMPTY_BODY = YES;
				CLANG_WARN_ENUM_CONVERSION = YES;
				CLANG_WARN_INFINITE_RECURSION = YES;
				CLANG_WARN_INT_CONVERSION = YES;
				CLANG_WARN_NON_LITERAL_NULL_CONVERSION = YES;
				CLANG_WARN_OBJC_IMPLICIT_RETAIN_SELF = YES;
				CLANG_WARN_OBJC_LITERAL_CONVERSION = YES;
				CLANG_WARN_OBJC_ROOT_CLASS = YES_ERROR;
				CLANG_WARN_QUOTED_INCLUDE_IN_FRAMEWORK_HEADER = YES;
				CLANG_WARN_RANGE_LOOP_ANALYSIS = YES;
				CLANG_WARN_STRICT_PROTOTYPES = YES;
				CLANG_WARN_SUSPICIOUS_MOVE = YES;
				CLANG_WARN_UNREACHABLE_CODE = YES;
				CLANG_WARN__DUPLICATE_METHOD_MATCH = YES;
				COPY_PHASE_STRIP = YES;
				DISABLE_MANUAL_TARGET_ORDER_BUILD_WARNING = YES;
				ENABLE_NS_ASSERTIONS = NO;
				ENABLE_STRICT_OBJC_MSGSEND = YES;
				"EXCLUDED_ARCHS[sdk=iphonesimulator*]" = "";
				GCC_C_LANGUAGE_STANDARD = gnu99;
				GCC_NO_COMMON_BLOCKS = YES;
				GCC_WARN_64_TO_32_BIT_CONVERSION = YES;
				GCC_WARN_ABOUT_RETURN_TYPE = YES_ERROR;
				GCC_WARN_UNDECLARED_SELECTOR = YES;
				GCC_WARN_UNINITIALIZED_AUTOS = YES_AGGRESSIVE;
				GCC_WARN_UNUSED_FUNCTION = YES;
				GCC_WARN_UNUSED_VARIABLE = YES;
				IPHONEOS_DEPLOYMENT_TARGET = 15.1;
				"IPHONEOS_DEPLOYMENT_TARGET[sdk=macosx*]" = 15.2;
				LD_RUNPATH_SEARCH_PATHS = (
					/usr/lib/swift,
					"$(inherited)",
				);
				LIBRARY_SEARCH_PATHS = (
					"\"$(SDKROOT)/usr/lib/swift\"",
					"\"$(TOOLCHAIN_DIR)/usr/lib/swift/$(PLATFORM_NAME)\"",
					"\"$(inherited)\"",
				);
				MTL_ENABLE_DEBUG_INFO = NO;
				OTHER_CFLAGS = (
					"$(inherited)",
					"-DRCT_REMOVE_LEGACY_ARCH=1",
				);
				OTHER_CPLUSPLUSFLAGS = (
					"$(OTHER_CFLAGS)",
					"-DFOLLY_NO_CONFIG",
					"-DFOLLY_MOBILE=1",
					"-DFOLLY_USE_LIBCPP=1",
					"-DFOLLY_CFG_NO_COROUTINES=1",
					"-DFOLLY_HAVE_CLOCK_GETTIME=1",
					"-DRCT_REMOVE_LEGACY_ARCH=1",
				);
				PODFILE_DIR = "$(SRCROOT)";
				REACT_NATIVE_PATH = "${PODS_ROOT}/../../node_modules/react-native";
				SDKROOT = iphoneos;
				SWIFT_ENABLE_EXPLICIT_MODULES = NO;
				USE_HERMES = true;
				VALIDATE_PRODUCT = YES;
			};
			name = Release;
		};
		E1D2C3B4A5968778695A4B3CE /* Debug */ = {
			isa = XCBuildConfiguration;
			buildSettings = {
				APPLICATION_EXTENSION_API_ONLY = YES;
				CLANG_ENABLE_EXPLICIT_MODULES = NO;
				CODE_SIGN_ENTITLEMENTS = PrayerWidgetExtension/PrayerWidgetExtension.entitlements;
				CODE_SIGN_STYLE = Automatic;
				CURRENT_PROJECT_VERSION = 282;
				DEAD_CODE_STRIPPING = YES;
				DERIVE_MACCATALYST_PRODUCT_BUNDLE_IDENTIFIER = YES;
				DEVELOPMENT_TEAM = GAW23HT439;
				GENERATE_INFOPLIST_FILE = NO;
				INFOPLIST_FILE = PrayerWidgetExtension/Info.plist;
				INFOPLIST_KEY_CFBundleDisplayName = Mihrab;
				IPHONEOS_DEPLOYMENT_TARGET = 17.0;
				LD_RUNPATH_SEARCH_PATHS = (
					"$(inherited)",
					"@executable_path/Frameworks",
					"@executable_path/../../Frameworks",
				);
				LIBRARY_SEARCH_PATHS = (
					"$(SDKROOT)/usr/lib/swift",
					"$(SDKROOT)/System/iOSSupport/usr/lib/swift",
					"$(inherited)",
				);
				"LIBRARY_SEARCH_PATHS[sdk=macosx*]" = (
					"$(SDKROOT)/usr/lib/swift",
					"$(SDKROOT)/System/iOSSupport/usr/lib/swift",
					"$(inherited)",
				);
				MARKETING_VERSION = 2.27.1;
				PRESERVE_DEAD_CODE_INITS_AND_TERMS = YES;
				PRODUCT_BUNDLE_IDENTIFIER = com.hassan.prayerapp.PrayerWidgetExtension;
				PRODUCT_NAME = "$(TARGET_NAME)";
				SKIP_INSTALL = YES;
				SUPPORTS_MACCATALYST = YES;
				SWIFT_EMIT_LOC_STRINGS = YES;
				SWIFT_ENABLE_EXPLICIT_MODULES = NO;
				SWIFT_VERSION = 5.0;
				TARGETED_DEVICE_FAMILY = "1,2";
				VERSIONING_SYSTEM = "apple-generic";
			};
			name = Debug;
		};
		E1D2C3B4A5968778695A4B3CF /* Release */ = {
			isa = XCBuildConfiguration;
			buildSettings = {
				APPLICATION_EXTENSION_API_ONLY = YES;
				CLANG_ENABLE_EXPLICIT_MODULES = NO;
				CODE_SIGN_ENTITLEMENTS = PrayerWidgetExtension/PrayerWidgetExtension.entitlements;
				CODE_SIGN_STYLE = Automatic;
				CURRENT_PROJECT_VERSION = 282;
				DEAD_CODE_STRIPPING = YES;
				DERIVE_MACCATALYST_PRODUCT_BUNDLE_IDENTIFIER = YES;
				DEVELOPMENT_TEAM = GAW23HT439;
				GENERATE_INFOPLIST_FILE = NO;
				INFOPLIST_FILE = PrayerWidgetExtension/Info.plist;
				INFOPLIST_KEY_CFBundleDisplayName = Mihrab;
				IPHONEOS_DEPLOYMENT_TARGET = 17.0;
				LD_RUNPATH_SEARCH_PATHS = (
					"$(inherited)",
					"@executable_path/Frameworks",
					"@executable_path/../../Frameworks",
				);
				LIBRARY_SEARCH_PATHS = (
					"$(SDKROOT)/usr/lib/swift",
					"$(SDKROOT)/System/iOSSupport/usr/lib/swift",
					"$(inherited)",
				);
				"LIBRARY_SEARCH_PATHS[sdk=macosx*]" = (
					"$(SDKROOT)/usr/lib/swift",
					"$(SDKROOT)/System/iOSSupport/usr/lib/swift",
					"$(inherited)",
				);
				MARKETING_VERSION = 2.27.1;
				PRESERVE_DEAD_CODE_INITS_AND_TERMS = YES;
				PRODUCT_BUNDLE_IDENTIFIER = com.hassan.prayerapp.PrayerWidgetExtension;
				PRODUCT_NAME = "$(TARGET_NAME)";
				SKIP_INSTALL = YES;
				SUPPORTS_MACCATALYST = YES;
				SWIFT_EMIT_LOC_STRINGS = YES;
				SWIFT_ENABLE_EXPLICIT_MODULES = NO;
				SWIFT_VERSION = 5.0;
				TARGETED_DEVICE_FAMILY = "1,2";
				VERSIONING_SYSTEM = "apple-generic";
			};
			name = Release;
		};
		F2A100000000000D /* Debug */ = {
			isa = XCBuildConfiguration;
			buildSettings = {
				APPLICATION_EXTENSION_API_ONLY = YES;
				CLANG_ENABLE_EXPLICIT_MODULES = NO;
				CODE_SIGN_ENTITLEMENTS = MihrabLiveActivity/MihrabLiveActivity.entitlements;
				CODE_SIGN_STYLE = Automatic;
				CURRENT_PROJECT_VERSION = 282;
				DEAD_CODE_STRIPPING = YES;
				DEVELOPMENT_TEAM = GAW23HT439;
				GENERATE_INFOPLIST_FILE = NO;
				INFOPLIST_FILE = MihrabLiveActivity/Info.plist;
				INFOPLIST_KEY_CFBundleDisplayName = Mihrab;
				IPHONEOS_DEPLOYMENT_TARGET = 16.1;
				LD_RUNPATH_SEARCH_PATHS = (
					"$(inherited)",
					"@executable_path/Frameworks",
					"@executable_path/../../Frameworks",
				);
				LIBRARY_SEARCH_PATHS = (
					"$(SDKROOT)/usr/lib/swift",
					"$(SDKROOT)/System/iOSSupport/usr/lib/swift",
					"$(inherited)",
				);
				MARKETING_VERSION = 2.27.1;
				PRESERVE_DEAD_CODE_INITS_AND_TERMS = YES;
				PRODUCT_BUNDLE_IDENTIFIER = com.hassan.prayerapp.MihrabLiveActivity;
				PRODUCT_NAME = "$(TARGET_NAME)";
				SKIP_INSTALL = YES;
				SUPPORTED_PLATFORMS = "iphoneos iphonesimulator";
				SUPPORTS_MACCATALYST = NO;
				SWIFT_EMIT_LOC_STRINGS = YES;
				SWIFT_ENABLE_EXPLICIT_MODULES = NO;
				SWIFT_VERSION = 5.0;
				TARGETED_DEVICE_FAMILY = "1,2";
				VERSIONING_SYSTEM = "apple-generic";
			};
			name = Debug;
		};
		F2A100000000000E /* Release */ = {
			isa = XCBuildConfiguration;
			buildSettings = {
				APPLICATION_EXTENSION_API_ONLY = YES;
				CLANG_ENABLE_EXPLICIT_MODULES = NO;
				CODE_SIGN_ENTITLEMENTS = MihrabLiveActivity/MihrabLiveActivity.entitlements;
				CODE_SIGN_STYLE = Automatic;
				CURRENT_PROJECT_VERSION = 282;
				DEAD_CODE_STRIPPING = YES;
				DEVELOPMENT_TEAM = GAW23HT439;
				GENERATE_INFOPLIST_FILE = NO;
				INFOPLIST_FILE = MihrabLiveActivity/Info.plist;
				INFOPLIST_KEY_CFBundleDisplayName = Mihrab;
				IPHONEOS_DEPLOYMENT_TARGET = 16.1;
				LD_RUNPATH_SEARCH_PATHS = (
					"$(inherited)",
					"@executable_path/Frameworks",
					"@executable_path/../../Frameworks",
				);
				LIBRARY_SEARCH_PATHS = (
					"$(SDKROOT)/usr/lib/swift",
					"$(SDKROOT)/System/iOSSupport/usr/lib/swift",
					"$(inherited)",
				);
				MARKETING_VERSION = 2.27.1;
				PRESERVE_DEAD_CODE_INITS_AND_TERMS = YES;
				PRODUCT_BUNDLE_IDENTIFIER = com.hassan.prayerapp.MihrabLiveActivity;
				PRODUCT_NAME = "$(TARGET_NAME)";
				SKIP_INSTALL = YES;
				SUPPORTED_PLATFORMS = "iphoneos iphonesimulator";
				SUPPORTS_MACCATALYST = NO;
				SWIFT_EMIT_LOC_STRINGS = YES;
				SWIFT_ENABLE_EXPLICIT_MODULES = NO;
				SWIFT_VERSION = 5.0;
				TARGETED_DEVICE_FAMILY = "1,2";
				VERSIONING_SYSTEM = "apple-generic";
			};
			name = Release;
		};
/* End XCBuildConfiguration section */

/* Begin XCConfigurationList section */
		13B07F931A680F5B00A75B9A /* Build configuration list for PBXNativeTarget "PrayerApp" */ = {
			isa = XCConfigurationList;
			buildConfigurations = (
				13B07F941A680F5B00A75B9A /* Debug */,
				13B07F951A680F5B00A75B9A /* Release */,
			);
			defaultConfigurationIsVisible = 0;
			defaultConfigurationName = Release;
		};
		83CBB9FA1A601CBA00E9B192 /* Build configuration list for PBXProject "PrayerApp" */ = {
			isa = XCConfigurationList;
			buildConfigurations = (
				83CBBA201A601CBA00E9B192 /* Debug */,
				83CBBA211A601CBA00E9B192 /* Release */,
			);
			defaultConfigurationIsVisible = 0;
			defaultConfigurationName = Release;
		};
		E1D2C3B4A5968778695A4B3D0 /* Build configuration list for PBXNativeTarget "PrayerWidgetExtension" */ = {
			isa = XCConfigurationList;
			buildConfigurations = (
				E1D2C3B4A5968778695A4B3CE /* Debug */,
				E1D2C3B4A5968778695A4B3CF /* Release */,
			);
			defaultConfigurationIsVisible = 0;
			defaultConfigurationName = Release;
		};
		F2A100000000000F /* Build configuration list for PBXNativeTarget "MihrabLiveActivity" */ = {
			isa = XCConfigurationList;
			buildConfigurations = (
				F2A100000000000D /* Debug */,
				F2A100000000000E /* Release */,
			);
			defaultConfigurationIsVisible = 0;
			defaultConfigurationName = Release;
		};
/* End XCConfigurationList section */
	};
	rootObject = 83CBB9F71A601CBA00E9B192 /* Project object */;
}
